// !$*UTF8*$!
{
	archiveVersion = 1;
	classes = {
	};
	objectVersion = 56;
	objects = {

/* Begin PBXBuildFile section */
		0218145E2C105A6100F39DB9 /* ArticlePortfolioAppApp.swift in Sources */ = {isa = PBXBuildFile; fileRef = 0218145D2C105A6100F39DB9 /* ArticlePortfolioAppApp.swift */; };
		021814602C105A6100F39DB9 /* ContentView.swift in Sources */ = {isa = PBXBuildFile; fileRef = 0218145F2C105A6100F39DB9 /* ContentView.swift */; };
		021814622C105A6200F39DB9 /* Assets.xcassets in Resources */ = {isa = PBXBuildFile; fileRef = 021814612C105A6200F39DB9 /* Assets.xcassets */; };
		021814652C105A6200F39DB9 /* Preview Assets.xcassets in Resources */ = {isa = PBXBuildFile; fileRef = 021814642C105A6200F39DB9 /* Preview Assets.xcassets */; };
		021814732C105D4600F39DB9 /* StatusCode.swift in Sources */ = {isa = PBXBuildFile; fileRef = 021814722C105D4600F39DB9 /* StatusCode.swift */; };
		021814762C105D9700F39DB9 /* LoggerPlugin.swift in Sources */ = {isa = PBXBuildFile; fileRef = 021814752C105D9700F39DB9 /* LoggerPlugin.swift */; };
		0218147A2C105DB100F39DB9 /* DateFormatter+Ext.swift in Sources */ = {isa = PBXBuildFile; fileRef = 021814792C105DB100F39DB9 /* DateFormatter+Ext.swift */; };
		0218147E2C105DDA00F39DB9 /* LogLevel.swift in Sources */ = {isa = PBXBuildFile; fileRef = 0218147D2C105DDA00F39DB9 /* LogLevel.swift */; };
		021814802C105DE100F39DB9 /* CustomLogger.swift in Sources */ = {isa = PBXBuildFile; fileRef = 0218147F2C105DE100F39DB9 /* CustomLogger.swift */; };
		021814832C105E1D00F39DB9 /* APIEnvironment.swift in Sources */ = {isa = PBXBuildFile; fileRef = 021814822C105E1D00F39DB9 /* APIEnvironment.swift */; };
		021814862C105E5700F39DB9 /* ArticleResponseDto.swift in Sources */ = {isa = PBXBuildFile; fileRef = 021814852C105E5700F39DB9 /* ArticleResponseDto.swift */; };
		021814882C105E6300F39DB9 /* ArticleDto.swift in Sources */ = {isa = PBXBuildFile; fileRef = 021814872C105E6300F39DB9 /* ArticleDto.swift */; };
		0218148C2C105EC300F39DB9 /* HomeAPI.swift in Sources */ = {isa = PBXBuildFile; fileRef = 0218148B2C105EC300F39DB9 /* HomeAPI.swift */; };
		0218148E2C105EDF00F39DB9 /* String+Ext.swift in Sources */ = {isa = PBXBuildFile; fileRef = 0218148D2C105EDF00F39DB9 /* String+Ext.swift */; };
		021814902C105F2100F39DB9 /* HomeServer.swift in Sources */ = {isa = PBXBuildFile; fileRef = 0218148F2C105F2100F39DB9 /* HomeServer.swift */; };
		021814922C105F4800F39DB9 /* MoyaProvider+Ext.swift in Sources */ = {isa = PBXBuildFile; fileRef = 021814912C105F4800F39DB9 /* MoyaProvider+Ext.swift */; };
		021814952C105F5D00F39DB9 /* Constants.swift in Sources */ = {isa = PBXBuildFile; fileRef = 021814942C105F5D00F39DB9 /* Constants.swift */; };
		0218149A2C10603C00F39DB9 /* ArticleRowView.swift in Sources */ = {isa = PBXBuildFile; fileRef = 021814992C10603C00F39DB9 /* ArticleRowView.swift */; };
		0218149D2C10606700F39DB9 /* Typealiases.swift in Sources */ = {isa = PBXBuildFile; fileRef = 0218149C2C10606700F39DB9 /* Typealiases.swift */; };
		021814A12C10608A00F39DB9 /* ScalableButtonStyle.swift in Sources */ = {isa = PBXBuildFile; fileRef = 021814A02C10608A00F39DB9 /* ScalableButtonStyle.swift */; };
		021814A52C1060AE00F39DB9 /* HomeScreen.swift in Sources */ = {isa = PBXBuildFile; fileRef = 021814A42C1060AE00F39DB9 /* HomeScreen.swift */; };
		021814A72C1060C100F39DB9 /* HomeViewModel.swift in Sources */ = {isa = PBXBuildFile; fileRef = 021814A62C1060C100F39DB9 /* HomeViewModel.swift */; };
		021814A92C10610600F39DB9 /* Publisher+Ext.swift in Sources */ = {isa = PBXBuildFile; fileRef = 021814A82C10610600F39DB9 /* Publisher+Ext.swift */; };
		021814AC2C10612D00F39DB9 /* BaseViewModel.swift in Sources */ = {isa = PBXBuildFile; fileRef = 021814AB2C10612D00F39DB9 /* BaseViewModel.swift */; };
		021814AE2C10617F00F39DB9 /* HomeModule.swift in Sources */ = {isa = PBXBuildFile; fileRef = 021814AD2C10617F00F39DB9 /* HomeModule.swift */; };
		021814B12C10622A00F39DB9 /* Loader.swift in Sources */ = {isa = PBXBuildFile; fileRef = 021814B02C10622A00F39DB9 /* Loader.swift */; };
		021814E12C1062BD00F39DB9 /* ArticleDetailNode.swift in Sources */ = {isa = PBXBuildFile; fileRef = 021814B32C1062BD00F39DB9 /* ArticleDetailNode.swift */; };
		021814E32C1062BD00F39DB9 /* ContentNode.swift in Sources */ = {isa = PBXBuildFile; fileRef = 021814B52C1062BD00F39DB9 /* ContentNode.swift */; };
		021814E42C1062BD00F39DB9 /* HomeScreenNode.swift in Sources */ = {isa = PBXBuildFile; fileRef = 021814B62C1062BD00F39DB9 /* HomeScreenNode.swift */; };
		021814E52C1062BD00F39DB9 /* SettingsScreenNode.swift in Sources */ = {isa = PBXBuildFile; fileRef = 021814B72C1062BD00F39DB9 /* SettingsScreenNode.swift */; };
		021814E92C1062BD00F39DB9 /* ContentSizeCoordinator.swift in Sources */ = {isa = PBXBuildFile; fileRef = 021814BC2C1062BD00F39DB9 /* ContentSizeCoordinator.swift */; };
		021814EA2C1062BD00F39DB9 /* NavigationStore.swift in Sources */ = {isa = PBXBuildFile; fileRef = 021814BE2C1062BD00F39DB9 /* NavigationStore.swift */; };
		021814EB2C1062BD00F39DB9 /* NavigationStore+ArticleDetailRouter.swift in Sources */ = {isa = PBXBuildFile; fileRef = 021814BF2C1062BD00F39DB9 /* NavigationStore+ArticleDetailRouter.swift */; };
		021814ED2C1062BD00F39DB9 /* NavigationStore+HomescreenRouter.swift in Sources */ = {isa = PBXBuildFile; fileRef = 021814C12C1062BD00F39DB9 /* NavigationStore+HomescreenRouter.swift */; };
		021814EE2C1062BD00F39DB9 /* NavigationStore+SettingsScreenRouter.swift in Sources */ = {isa = PBXBuildFile; fileRef = 021814C22C1062BD00F39DB9 /* NavigationStore+SettingsScreenRouter.swift */; };
		021814F12C1062BD00F39DB9 /* RouterProtocol.swift in Sources */ = {isa = PBXBuildFile; fileRef = 021814C62C1062BD00F39DB9 /* RouterProtocol.swift */; };
		021814F22C1062BD00F39DB9 /* ArticleDetailRouterLogic.swift in Sources */ = {isa = PBXBuildFile; fileRef = 021814C82C1062BD00F39DB9 /* ArticleDetailRouterLogic.swift */; };
		021814F42C1062BD00F39DB9 /* HomeScreenRouterLogic.swift in Sources */ = {isa = PBXBuildFile; fileRef = 021814CA2C1062BD00F39DB9 /* HomeScreenRouterLogic.swift */; };
		021814F52C1062BD00F39DB9 /* SettingsScreenRouterLogic.swift in Sources */ = {isa = PBXBuildFile; fileRef = 021814CB2C1062BD00F39DB9 /* SettingsScreenRouterLogic.swift */; };
		021814F82C1062BD00F39DB9 /* ArticleDetailRoute.swift in Sources */ = {isa = PBXBuildFile; fileRef = 021814CF2C1062BD00F39DB9 /* ArticleDetailRoute.swift */; };
		021814FA2C1062BD00F39DB9 /* HomeScreenRoute.swift in Sources */ = {isa = PBXBuildFile; fileRef = 021814D12C1062BD00F39DB9 /* HomeScreenRoute.swift */; };
		021814FB2C1062BD00F39DB9 /* SettingsScreenRoute.swift in Sources */ = {isa = PBXBuildFile; fileRef = 021814D22C1062BD00F39DB9 /* SettingsScreenRoute.swift */; };
		021814FF2C1062BD00F39DB9 /* RoutersModifier.swift in Sources */ = {isa = PBXBuildFile; fileRef = 021814D82C1062BD00F39DB9 /* RoutersModifier.swift */; };
		021815002C1062BD00F39DB9 /* NavRootView.swift in Sources */ = {isa = PBXBuildFile; fileRef = 021814DA2C1062BD00F39DB9 /* NavRootView.swift */; };
		021815012C1062BD00F39DB9 /* ViewFactory.swift in Sources */ = {isa = PBXBuildFile; fileRef = 021814DC2C1062BD00F39DB9 /* ViewFactory.swift */; };
		021815022C1062BD00F39DB9 /* TabPage.swift in Sources */ = {isa = PBXBuildFile; fileRef = 021814DE2C1062BD00F39DB9 /* TabPage.swift */; };
		021815032C1062BD00F39DB9 /* TabScreen.swift in Sources */ = {isa = PBXBuildFile; fileRef = 021814DF2C1062BD00F39DB9 /* TabScreen.swift */; };
		021815072C1063C300F39DB9 /* DependenciesFactory.swift in Sources */ = {isa = PBXBuildFile; fileRef = 021815062C1063C300F39DB9 /* DependenciesFactory.swift */; };
		0218150A2C1063F600F39DB9 /* PresentationDetentsModifier.swift in Sources */ = {isa = PBXBuildFile; fileRef = 021815092C1063F600F39DB9 /* PresentationDetentsModifier.swift */; };
		021815152C1064B000F39DB9 /* ResolverProtocol.swift in Sources */ = {isa = PBXBuildFile; fileRef = 0218150B2C1064B000F39DB9 /* ResolverProtocol.swift */; };
		021815162C1064B000F39DB9 /* ArticleDetailResolver.swift in Sources */ = {isa = PBXBuildFile; fileRef = 0218150D2C1064B000F39DB9 /* ArticleDetailResolver.swift */; };
		021815182C1064B000F39DB9 /* HomeScreenResolver.swift in Sources */ = {isa = PBXBuildFile; fileRef = 0218150F2C1064B000F39DB9 /* HomeScreenResolver.swift */; };
		021815192C1064B000F39DB9 /* SettingsScreenResolver.swift in Sources */ = {isa = PBXBuildFile; fileRef = 021815102C1064B000F39DB9 /* SettingsScreenResolver.swift */; };
		021815212C1064FF00F39DB9 /* ArticleDetailViewModel.swift in Sources */ = {isa = PBXBuildFile; fileRef = 021815202C1064FF00F39DB9 /* ArticleDetailViewModel.swift */; };
		021815232C10651C00F39DB9 /* ArticleDetailModule.swift in Sources */ = {isa = PBXBuildFile; fileRef = 021815222C10651C00F39DB9 /* ArticleDetailModule.swift */; };
		021815252C10653A00F39DB9 /* ArticleDetailScreen.swift in Sources */ = {isa = PBXBuildFile; fileRef = 021815242C10653A00F39DB9 /* ArticleDetailScreen.swift */; };
		021815272C10656800F39DB9 /* OffsetObservingScrollView.swift in Sources */ = {isa = PBXBuildFile; fileRef = 021815262C10656800F39DB9 /* OffsetObservingScrollView.swift */; };
		021815292C10657500F39DB9 /* BlurView.swift in Sources */ = {isa = PBXBuildFile; fileRef = 021815282C10657500F39DB9 /* BlurView.swift */; };
		0218152B2C10658000F39DB9 /* VisualEffectView.swift in Sources */ = {isa = PBXBuildFile; fileRef = 0218152A2C10658000F39DB9 /* VisualEffectView.swift */; };
		0218152D2C1065D800F39DB9 /* Color+Ext.swift in Sources */ = {isa = PBXBuildFile; fileRef = 0218152C2C1065D800F39DB9 /* Color+Ext.swift */; };
		0218152F2C10668F00F39DB9 /* ViewDidLoadModifier.swift in Sources */ = {isa = PBXBuildFile; fileRef = 0218152E2C10668F00F39DB9 /* ViewDidLoadModifier.swift */; };
		021815342C10679D00F39DB9 /* SettingsScreen.swift in Sources */ = {isa = PBXBuildFile; fileRef = 021815332C10679D00F39DB9 /* SettingsScreen.swift */; };
		021815362C1067AA00F39DB9 /* SettingsModule.swift in Sources */ = {isa = PBXBuildFile; fileRef = 021815352C1067AA00F39DB9 /* SettingsModule.swift */; };
		021815382C1067BE00F39DB9 /* SettingsViewModel.swift in Sources */ = {isa = PBXBuildFile; fileRef = 021815372C1067BE00F39DB9 /* SettingsViewModel.swift */; };
		0218153C2C1069D200F39DB9 /* HiddenNavBarView.swift in Sources */ = {isa = PBXBuildFile; fileRef = 0218153B2C1069D200F39DB9 /* HiddenNavBarView.swift */; };
		021815532C106BBA00F39DB9 /* HomeViewModelTests.swift in Sources */ = {isa = PBXBuildFile; fileRef = 0218154A2C106BBA00F39DB9 /* HomeViewModelTests.swift */; };
		021815542C106BBA00F39DB9 /* TestSearchPhrases.swift in Sources */ = {isa = PBXBuildFile; fileRef = 0218154D2C106BBA00F39DB9 /* TestSearchPhrases.swift */; };
		021815552C106BBA00F39DB9 /* HomerServerTests.swift in Sources */ = {isa = PBXBuildFile; fileRef = 0218154F2C106BBA00F39DB9 /* HomerServerTests.swift */; };
		0F09119B31A3807AEAA348EA /* Pods_ArticlePortfolioApp.framework in Frameworks */ = {isa = PBXBuildFile; fileRef = E4716CBE12A91380B0805C71 /* Pods_ArticlePortfolioApp.framework */; };
/* End PBXBuildFile section */

/* Begin PBXContainerItemProxy section */
		021815452C106B8700F39DB9 /* PBXContainerItemProxy */ = {
			isa = PBXContainerItemProxy;
			containerPortal = 021814522C105A6100F39DB9 /* Project object */;
			proxyType = 1;
			remoteGlobalIDString = 021814592C105A6100F39DB9;
			remoteInfo = ArticlePortfolioApp;
		};
/* End PBXContainerItemProxy section */

/* Begin PBXFileReference section */
		0218145A2C105A6100F39DB9 /* ArticlePortfolioApp.app */ = {isa = PBXFileReference; explicitFileType = wrapper.application; includeInIndex = 0; path = ArticlePortfolioApp.app; sourceTree = BUILT_PRODUCTS_DIR; };
		0218145D2C105A6100F39DB9 /* ArticlePortfolioAppApp.swift */ = {isa = PBXFileReference; lastKnownFileType = sourcecode.swift; path = ArticlePortfolioAppApp.swift; sourceTree = "<group>"; };
		0218145F2C105A6100F39DB9 /* ContentView.swift */ = {isa = PBXFileReference; lastKnownFileType = sourcecode.swift; path = ContentView.swift; sourceTree = "<group>"; };
		021814612C105A6200F39DB9 /* Assets.xcassets */ = {isa = PBXFileReference; lastKnownFileType = folder.assetcatalog; path = Assets.xcassets; sourceTree = "<group>"; };
		021814642C105A6200F39DB9 /* Preview Assets.xcassets */ = {isa = PBXFileReference; lastKnownFileType = folder.assetcatalog; path = "Preview Assets.xcassets"; sourceTree = "<group>"; };
		021814722C105D4600F39DB9 /* StatusCode.swift */ = {isa = PBXFileReference; lastKnownFileType = sourcecode.swift; path = StatusCode.swift; sourceTree = "<group>"; };
		021814752C105D9700F39DB9 /* LoggerPlugin.swift */ = {isa = PBXFileReference; lastKnownFileType = sourcecode.swift; path = LoggerPlugin.swift; sourceTree = "<group>"; };
		021814792C105DB100F39DB9 /* DateFormatter+Ext.swift */ = {isa = PBXFileReference; lastKnownFileType = sourcecode.swift; path = "DateFormatter+Ext.swift"; sourceTree = "<group>"; };
		0218147D2C105DDA00F39DB9 /* LogLevel.swift */ = {isa = PBXFileReference; lastKnownFileType = sourcecode.swift; path = LogLevel.swift; sourceTree = "<group>"; };
		0218147F2C105DE100F39DB9 /* CustomLogger.swift */ = {isa = PBXFileReference; lastKnownFileType = sourcecode.swift; path = CustomLogger.swift; sourceTree = "<group>"; };
		021814822C105E1D00F39DB9 /* APIEnvironment.swift */ = {isa = PBXFileReference; lastKnownFileType = sourcecode.swift; path = APIEnvironment.swift; sourceTree = "<group>"; };
		021814852C105E5700F39DB9 /* ArticleResponseDto.swift */ = {isa = PBXFileReference; lastKnownFileType = sourcecode.swift; path = ArticleResponseDto.swift; sourceTree = "<group>"; };
		021814872C105E6300F39DB9 /* ArticleDto.swift */ = {isa = PBXFileReference; lastKnownFileType = sourcecode.swift; path = ArticleDto.swift; sourceTree = "<group>"; };
		0218148B2C105EC300F39DB9 /* HomeAPI.swift */ = {isa = PBXFileReference; lastKnownFileType = sourcecode.swift; path = HomeAPI.swift; sourceTree = "<group>"; };
		0218148D2C105EDF00F39DB9 /* String+Ext.swift */ = {isa = PBXFileReference; lastKnownFileType = sourcecode.swift; path = "String+Ext.swift"; sourceTree = "<group>"; };
		0218148F2C105F2100F39DB9 /* HomeServer.swift */ = {isa = PBXFileReference; lastKnownFileType = sourcecode.swift; path = HomeServer.swift; sourceTree = "<group>"; };
		021814912C105F4800F39DB9 /* MoyaProvider+Ext.swift */ = {isa = PBXFileReference; lastKnownFileType = sourcecode.swift; path = "MoyaProvider+Ext.swift"; sourceTree = "<group>"; };
		021814942C105F5D00F39DB9 /* Constants.swift */ = {isa = PBXFileReference; lastKnownFileType = sourcecode.swift; path = Constants.swift; sourceTree = "<group>"; };
		021814992C10603C00F39DB9 /* ArticleRowView.swift */ = {isa = PBXFileReference; lastKnownFileType = sourcecode.swift; path = ArticleRowView.swift; sourceTree = "<group>"; };
		0218149C2C10606700F39DB9 /* Typealiases.swift */ = {isa = PBXFileReference; lastKnownFileType = sourcecode.swift; path = Typealiases.swift; sourceTree = "<group>"; };
		021814A02C10608A00F39DB9 /* ScalableButtonStyle.swift */ = {isa = PBXFileReference; lastKnownFileType = sourcecode.swift; path = ScalableButtonStyle.swift; sourceTree = "<group>"; };
		021814A42C1060AE00F39DB9 /* HomeScreen.swift */ = {isa = PBXFileReference; lastKnownFileType = sourcecode.swift; path = HomeScreen.swift; sourceTree = "<group>"; };
		021814A62C1060C100F39DB9 /* HomeViewModel.swift */ = {isa = PBXFileReference; lastKnownFileType = sourcecode.swift; path = HomeViewModel.swift; sourceTree = "<group>"; };
		021814A82C10610600F39DB9 /* Publisher+Ext.swift */ = {isa = PBXFileReference; lastKnownFileType = sourcecode.swift; path = "Publisher+Ext.swift"; sourceTree = "<group>"; };
		021814AB2C10612D00F39DB9 /* BaseViewModel.swift */ = {isa = PBXFileReference; lastKnownFileType = sourcecode.swift; path = BaseViewModel.swift; sourceTree = "<group>"; };
		021814AD2C10617F00F39DB9 /* HomeModule.swift */ = {isa = PBXFileReference; lastKnownFileType = sourcecode.swift; path = HomeModule.swift; sourceTree = "<group>"; };
		021814B02C10622A00F39DB9 /* Loader.swift */ = {isa = PBXFileReference; lastKnownFileType = sourcecode.swift; path = Loader.swift; sourceTree = "<group>"; };
		021814B32C1062BD00F39DB9 /* ArticleDetailNode.swift */ = {isa = PBXFileReference; fileEncoding = 4; lastKnownFileType = sourcecode.swift; path = ArticleDetailNode.swift; sourceTree = "<group>"; };
		021814B52C1062BD00F39DB9 /* ContentNode.swift */ = {isa = PBXFileReference; fileEncoding = 4; lastKnownFileType = sourcecode.swift; path = ContentNode.swift; sourceTree = "<group>"; };
		021814B62C1062BD00F39DB9 /* HomeScreenNode.swift */ = {isa = PBXFileReference; fileEncoding = 4; lastKnownFileType = sourcecode.swift; path = HomeScreenNode.swift; sourceTree = "<group>"; };
		021814B72C1062BD00F39DB9 /* SettingsScreenNode.swift */ = {isa = PBXFileReference; fileEncoding = 4; lastKnownFileType = sourcecode.swift; path = SettingsScreenNode.swift; sourceTree = "<group>"; };
		021814BC2C1062BD00F39DB9 /* ContentSizeCoordinator.swift */ = {isa = PBXFileReference; fileEncoding = 4; lastKnownFileType = sourcecode.swift; path = ContentSizeCoordinator.swift; sourceTree = "<group>"; };
		021814BE2C1062BD00F39DB9 /* NavigationStore.swift */ = {isa = PBXFileReference; fileEncoding = 4; lastKnownFileType = sourcecode.swift; path = NavigationStore.swift; sourceTree = "<group>"; };
		021814BF2C1062BD00F39DB9 /* NavigationStore+ArticleDetailRouter.swift */ = {isa = PBXFileReference; fileEncoding = 4; lastKnownFileType = sourcecode.swift; path = "NavigationStore+ArticleDetailRouter.swift"; sourceTree = "<group>"; };
		021814C12C1062BD00F39DB9 /* NavigationStore+HomescreenRouter.swift */ = {isa = PBXFileReference; fileEncoding = 4; lastKnownFileType = sourcecode.swift; path = "NavigationStore+HomescreenRouter.swift"; sourceTree = "<group>"; };
		021814C22C1062BD00F39DB9 /* NavigationStore+SettingsScreenRouter.swift */ = {isa = PBXFileReference; fileEncoding = 4; lastKnownFileType = sourcecode.swift; path = "NavigationStore+SettingsScreenRouter.swift"; sourceTree = "<group>"; };
		021814C62C1062BD00F39DB9 /* RouterProtocol.swift */ = {isa = PBXFileReference; fileEncoding = 4; lastKnownFileType = sourcecode.swift; path = RouterProtocol.swift; sourceTree = "<group>"; };
		021814C82C1062BD00F39DB9 /* ArticleDetailRouterLogic.swift */ = {isa = PBXFileReference; fileEncoding = 4; lastKnownFileType = sourcecode.swift; path = ArticleDetailRouterLogic.swift; sourceTree = "<group>"; };
		021814CA2C1062BD00F39DB9 /* HomeScreenRouterLogic.swift */ = {isa = PBXFileReference; fileEncoding = 4; lastKnownFileType = sourcecode.swift; path = HomeScreenRouterLogic.swift; sourceTree = "<group>"; };
		021814CB2C1062BD00F39DB9 /* SettingsScreenRouterLogic.swift */ = {isa = PBXFileReference; fileEncoding = 4; lastKnownFileType = sourcecode.swift; path = SettingsScreenRouterLogic.swift; sourceTree = "<group>"; };
		021814CF2C1062BD00F39DB9 /* ArticleDetailRoute.swift */ = {isa = PBXFileReference; fileEncoding = 4; lastKnownFileType = sourcecode.swift; path = ArticleDetailRoute.swift; sourceTree = "<group>"; };
		021814D12C1062BD00F39DB9 /* HomeScreenRoute.swift */ = {isa = PBXFileReference; fileEncoding = 4; lastKnownFileType = sourcecode.swift; path = HomeScreenRoute.swift; sourceTree = "<group>"; };
		021814D22C1062BD00F39DB9 /* SettingsScreenRoute.swift */ = {isa = PBXFileReference; fileEncoding = 4; lastKnownFileType = sourcecode.swift; path = SettingsScreenRoute.swift; sourceTree = "<group>"; };
		021814D82C1062BD00F39DB9 /* RoutersModifier.swift */ = {isa = PBXFileReference; fileEncoding = 4; lastKnownFileType = sourcecode.swift; path = RoutersModifier.swift; sourceTree = "<group>"; };
		021814DA2C1062BD00F39DB9 /* NavRootView.swift */ = {isa = PBXFileReference; fileEncoding = 4; lastKnownFileType = sourcecode.swift; path = NavRootView.swift; sourceTree = "<group>"; };
		021814DC2C1062BD00F39DB9 /* ViewFactory.swift */ = {isa = PBXFileReference; fileEncoding = 4; lastKnownFileType = sourcecode.swift; path = ViewFactory.swift; sourceTree = "<group>"; };
		021814DE2C1062BD00F39DB9 /* TabPage.swift */ = {isa = PBXFileReference; fileEncoding = 4; lastKnownFileType = sourcecode.swift; path = TabPage.swift; sourceTree = "<group>"; };
		021814DF2C1062BD00F39DB9 /* TabScreen.swift */ = {isa = PBXFileReference; fileEncoding = 4; lastKnownFileType = sourcecode.swift; path = TabScreen.swift; sourceTree = "<group>"; };
		021815062C1063C300F39DB9 /* DependenciesFactory.swift */ = {isa = PBXFileReference; lastKnownFileType = sourcecode.swift; path = DependenciesFactory.swift; sourceTree = "<group>"; };
		021815092C1063F600F39DB9 /* PresentationDetentsModifier.swift */ = {isa = PBXFileReference; lastKnownFileType = sourcecode.swift; path = PresentationDetentsModifier.swift; sourceTree = "<group>"; };
		0218150B2C1064B000F39DB9 /* ResolverProtocol.swift */ = {isa = PBXFileReference; fileEncoding = 4; lastKnownFileType = sourcecode.swift; path = ResolverProtocol.swift; sourceTree = "<group>"; };
		0218150D2C1064B000F39DB9 /* ArticleDetailResolver.swift */ = {isa = PBXFileReference; fileEncoding = 4; lastKnownFileType = sourcecode.swift; path = ArticleDetailResolver.swift; sourceTree = "<group>"; };
		0218150F2C1064B000F39DB9 /* HomeScreenResolver.swift */ = {isa = PBXFileReference; fileEncoding = 4; lastKnownFileType = sourcecode.swift; path = HomeScreenResolver.swift; sourceTree = "<group>"; };
		021815102C1064B000F39DB9 /* SettingsScreenResolver.swift */ = {isa = PBXFileReference; fileEncoding = 4; lastKnownFileType = sourcecode.swift; path = SettingsScreenResolver.swift; sourceTree = "<group>"; };
		021815202C1064FF00F39DB9 /* ArticleDetailViewModel.swift */ = {isa = PBXFileReference; lastKnownFileType = sourcecode.swift; path = ArticleDetailViewModel.swift; sourceTree = "<group>"; };
		021815222C10651C00F39DB9 /* ArticleDetailModule.swift */ = {isa = PBXFileReference; lastKnownFileType = sourcecode.swift; path = ArticleDetailModule.swift; sourceTree = "<group>"; };
		021815242C10653A00F39DB9 /* ArticleDetailScreen.swift */ = {isa = PBXFileReference; lastKnownFileType = sourcecode.swift; path = ArticleDetailScreen.swift; sourceTree = "<group>"; };
		021815262C10656800F39DB9 /* OffsetObservingScrollView.swift */ = {isa = PBXFileReference; lastKnownFileType = sourcecode.swift; path = OffsetObservingScrollView.swift; sourceTree = "<group>"; };
		021815282C10657500F39DB9 /* BlurView.swift */ = {isa = PBXFileReference; lastKnownFileType = sourcecode.swift; path = BlurView.swift; sourceTree = "<group>"; };
		0218152A2C10658000F39DB9 /* VisualEffectView.swift */ = {isa = PBXFileReference; lastKnownFileType = sourcecode.swift; path = VisualEffectView.swift; sourceTree = "<group>"; };
		0218152C2C1065D800F39DB9 /* Color+Ext.swift */ = {isa = PBXFileReference; lastKnownFileType = sourcecode.swift; path = "Color+Ext.swift"; sourceTree = "<group>"; };
		0218152E2C10668F00F39DB9 /* ViewDidLoadModifier.swift */ = {isa = PBXFileReference; lastKnownFileType = sourcecode.swift; path = ViewDidLoadModifier.swift; sourceTree = "<group>"; };
		021815332C10679D00F39DB9 /* SettingsScreen.swift */ = {isa = PBXFileReference; lastKnownFileType = sourcecode.swift; path = SettingsScreen.swift; sourceTree = "<group>"; };
		021815352C1067AA00F39DB9 /* SettingsModule.swift */ = {isa = PBXFileReference; lastKnownFileType = sourcecode.swift; path = SettingsModule.swift; sourceTree = "<group>"; };
		021815372C1067BE00F39DB9 /* SettingsViewModel.swift */ = {isa = PBXFileReference; lastKnownFileType = sourcecode.swift; path = SettingsViewModel.swift; sourceTree = "<group>"; };
		0218153B2C1069D200F39DB9 /* HiddenNavBarView.swift */ = {isa = PBXFileReference; lastKnownFileType = sourcecode.swift; path = HiddenNavBarView.swift; sourceTree = "<group>"; };
		021815412C106B8700F39DB9 /* ArticlePortfolioAppTests.xctest */ = {isa = PBXFileReference; explicitFileType = wrapper.cfbundle; includeInIndex = 0; path = ArticlePortfolioAppTests.xctest; sourceTree = BUILT_PRODUCTS_DIR; };
		0218154A2C106BBA00F39DB9 /* HomeViewModelTests.swift */ = {isa = PBXFileReference; fileEncoding = 4; lastKnownFileType = sourcecode.swift; path = HomeViewModelTests.swift; sourceTree = "<group>"; };
		0218154D2C106BBA00F39DB9 /* TestSearchPhrases.swift */ = {isa = PBXFileReference; fileEncoding = 4; lastKnownFileType = sourcecode.swift; path = TestSearchPhrases.swift; sourceTree = "<group>"; };
		0218154F2C106BBA00F39DB9 /* HomerServerTests.swift */ = {isa = PBXFileReference; fileEncoding = 4; lastKnownFileType = sourcecode.swift; path = HomerServerTests.swift; sourceTree = "<group>"; };
		54B65206D2042925348EDE11 /* Pods-ArticlePortfolioApp.release.xcconfig */ = {isa = PBXFileReference; includeInIndex = 1; lastKnownFileType = text.xcconfig; name = "Pods-ArticlePortfolioApp.release.xcconfig"; path = "Target Support Files/Pods-ArticlePortfolioApp/Pods-ArticlePortfolioApp.release.xcconfig"; sourceTree = "<group>"; };
		74661D37A0ABBEF684199368 /* Pods-ArticlePortfolioApp.debug.xcconfig */ = {isa = PBXFileReference; includeInIndex = 1; lastKnownFileType = text.xcconfig; name = "Pods-ArticlePortfolioApp.debug.xcconfig"; path = "Target Support Files/Pods-ArticlePortfolioApp/Pods-ArticlePortfolioApp.debug.xcconfig"; sourceTree = "<group>"; };
		E4716CBE12A91380B0805C71 /* Pods_ArticlePortfolioApp.framework */ = {isa = PBXFileReference; explicitFileType = wrapper.framework; includeInIndex = 0; path = Pods_ArticlePortfolioApp.framework; sourceTree = BUILT_PRODUCTS_DIR; };
/* End PBXFileReference section */

/* Begin PBXFrameworksBuildPhase section */
		021814572C105A6100F39DB9 /* Frameworks */ = {
			isa = PBXFrameworksBuildPhase;
			buildActionMask = 2147483647;
			files = (
				0F09119B31A3807AEAA348EA /* Pods_ArticlePortfolioApp.framework in Frameworks */,
			);
			runOnlyForDeploymentPostprocessing = 0;
		};
		0218153E2C106B8700F39DB9 /* Frameworks */ = {
			isa = PBXFrameworksBuildPhase;
			buildActionMask = 2147483647;
			files = (
			);
			runOnlyForDeploymentPostprocessing = 0;
		};
/* End PBXFrameworksBuildPhase section */

/* Begin PBXGroup section */
		021814512C105A6100F39DB9 = {
			isa = PBXGroup;
			children = (
				0218145C2C105A6100F39DB9 /* ArticlePortfolioApp */,
				021815422C106B8700F39DB9 /* ArticlePortfolioAppTests */,
				0218145B2C105A6100F39DB9 /* Products */,
				7A19B66781155FCA59738AF4 /* Pods */,
				6B6EF66AB2CFDD9E8980726D /* Frameworks */,
			);
			sourceTree = "<group>";
		};
		0218145B2C105A6100F39DB9 /* Products */ = {
			isa = PBXGroup;
			children = (
				0218145A2C105A6100F39DB9 /* ArticlePortfolioApp.app */,
				021815412C106B8700F39DB9 /* ArticlePortfolioAppTests.xctest */,
			);
			name = Products;
			sourceTree = "<group>";
		};
		0218145C2C105A6100F39DB9 /* ArticlePortfolioApp */ = {
			isa = PBXGroup;
			children = (
				0218146E2C105AED00F39DB9 /* Modules */,
				0218146B2C105AD700F39DB9 /* App */,
				021814612C105A6200F39DB9 /* Assets.xcassets */,
				021814632C105A6200F39DB9 /* Preview Content */,
			);
			path = ArticlePortfolioApp;
			sourceTree = "<group>";
		};
		021814632C105A6200F39DB9 /* Preview Content */ = {
			isa = PBXGroup;
			children = (
				021814642C105A6200F39DB9 /* Preview Assets.xcassets */,
			);
			path = "Preview Content";
			sourceTree = "<group>";
		};
		0218146B2C105AD700F39DB9 /* App */ = {
			isa = PBXGroup;
			children = (
				0218145D2C105A6100F39DB9 /* ArticlePortfolioAppApp.swift */,
			);
			path = App;
			sourceTree = "<group>";
		};
		0218146C2C105AE100F39DB9 /* Presentation */ = {
			isa = PBXGroup;
			children = (
				021815302C10679300F39DB9 /* Settings */,
				0218151D2C1064F500F39DB9 /* ArticleDetail */,
				021814962C10603000F39DB9 /* Home */,
				0218146D2C105AE300F39DB9 /* Content */,
			);
			path = Presentation;
			sourceTree = "<group>";
		};
		0218146D2C105AE300F39DB9 /* Content */ = {
			isa = PBXGroup;
			children = (
				0218145F2C105A6100F39DB9 /* ContentView.swift */,
			);
			path = Content;
			sourceTree = "<group>";
		};
		0218146E2C105AED00F39DB9 /* Modules */ = {
			isa = PBXGroup;
			children = (
				021815042C1063B800F39DB9 /* DI */,
				021814B22C1062A300F39DB9 /* Navigation */,
				021814772C105DAA00F39DB9 /* Utilis */,
				021814702C105D3F00F39DB9 /* Networking */,
				0218146F2C105AF900F39DB9 /* Definitions */,
				0218146C2C105AE100F39DB9 /* Presentation */,
			);
			path = Modules;
			sourceTree = "<group>";
		};
		0218146F2C105AF900F39DB9 /* Definitions */ = {
			isa = PBXGroup;
			children = (
				021814AD2C10617F00F39DB9 /* HomeModule.swift */,
				021815222C10651C00F39DB9 /* ArticleDetailModule.swift */,
				021815352C1067AA00F39DB9 /* SettingsModule.swift */,
			);
			path = Definitions;
			sourceTree = "<group>";
		};
		021814702C105D3F00F39DB9 /* Networking */ = {
			isa = PBXGroup;
			children = (
				021814892C105EB500F39DB9 /* Servers */,
				021814842C105E4F00F39DB9 /* Models */,
				021814812C105E0600F39DB9 /* APIEnvironment */,
				021814742C105D8F00F39DB9 /* MoyaPlugins */,
				021814712C105D4100F39DB9 /* StatusCodes */,
			);
			path = Networking;
			sourceTree = "<group>";
		};
		021814712C105D4100F39DB9 /* StatusCodes */ = {
			isa = PBXGroup;
			children = (
				021814722C105D4600F39DB9 /* StatusCode.swift */,
			);
			path = StatusCodes;
			sourceTree = "<group>";
		};
		021814742C105D8F00F39DB9 /* MoyaPlugins */ = {
			isa = PBXGroup;
			children = (
				021814752C105D9700F39DB9 /* LoggerPlugin.swift */,
			);
			path = MoyaPlugins;
			sourceTree = "<group>";
		};
		021814772C105DAA00F39DB9 /* Utilis */ = {
			isa = PBXGroup;
			children = (
				021814AA2C10612800F39DB9 /* BaseViewModel */,
				0218149E2C10608000F39DB9 /* UI */,
				0218149B2C10605D00F39DB9 /* Typealiases */,
				021814932C105F5900F39DB9 /* Constants */,
				0218147B2C105DD400F39DB9 /* Helpers */,
				021814782C105DAD00F39DB9 /* Extensions */,
			);
			path = Utilis;
			sourceTree = "<group>";
		};
		021814782C105DAD00F39DB9 /* Extensions */ = {
			isa = PBXGroup;
			children = (
				021814792C105DB100F39DB9 /* DateFormatter+Ext.swift */,
				0218148D2C105EDF00F39DB9 /* String+Ext.swift */,
				021814912C105F4800F39DB9 /* MoyaProvider+Ext.swift */,
				021814A82C10610600F39DB9 /* Publisher+Ext.swift */,
				0218152C2C1065D800F39DB9 /* Color+Ext.swift */,
			);
			path = Extensions;
			sourceTree = "<group>";
		};
		0218147B2C105DD400F39DB9 /* Helpers */ = {
			isa = PBXGroup;
			children = (
				0218147C2C105DD600F39DB9 /* Logger */,
			);
			path = Helpers;
			sourceTree = "<group>";
		};
		0218147C2C105DD600F39DB9 /* Logger */ = {
			isa = PBXGroup;
			children = (
				0218147D2C105DDA00F39DB9 /* LogLevel.swift */,
				0218147F2C105DE100F39DB9 /* CustomLogger.swift */,
			);
			path = Logger;
			sourceTree = "<group>";
		};
		021814812C105E0600F39DB9 /* APIEnvironment */ = {
			isa = PBXGroup;
			children = (
				021814822C105E1D00F39DB9 /* APIEnvironment.swift */,
			);
			path = APIEnvironment;
			sourceTree = "<group>";
		};
		021814842C105E4F00F39DB9 /* Models */ = {
			isa = PBXGroup;
			children = (
				021814852C105E5700F39DB9 /* ArticleResponseDto.swift */,
				021814872C105E6300F39DB9 /* ArticleDto.swift */,
			);
			path = Models;
			sourceTree = "<group>";
		};
		021814892C105EB500F39DB9 /* Servers */ = {
			isa = PBXGroup;
			children = (
				0218148A2C105EBD00F39DB9 /* Home */,
			);
			path = Servers;
			sourceTree = "<group>";
		};
		0218148A2C105EBD00F39DB9 /* Home */ = {
			isa = PBXGroup;
			children = (
				0218148B2C105EC300F39DB9 /* HomeAPI.swift */,
				0218148F2C105F2100F39DB9 /* HomeServer.swift */,
			);
			path = Home;
			sourceTree = "<group>";
		};
		021814932C105F5900F39DB9 /* Constants */ = {
			isa = PBXGroup;
			children = (
				021814942C105F5D00F39DB9 /* Constants.swift */,
			);
			path = Constants;
			sourceTree = "<group>";
		};
		021814962C10603000F39DB9 /* Home */ = {
			isa = PBXGroup;
			children = (
				021814982C10603200F39DB9 /* ViewModel */,
				021814972C10603100F39DB9 /* View */,
			);
			path = Home;
			sourceTree = "<group>";
		};
		021814972C10603100F39DB9 /* View */ = {
			isa = PBXGroup;
			children = (
				021814A22C1060A000F39DB9 /* Subviews */,
				021814A42C1060AE00F39DB9 /* HomeScreen.swift */,
			);
			path = View;
			sourceTree = "<group>";
		};
		021814982C10603200F39DB9 /* ViewModel */ = {
			isa = PBXGroup;
			children = (
				021814A62C1060C100F39DB9 /* HomeViewModel.swift */,
			);
			path = ViewModel;
			sourceTree = "<group>";
		};
		0218149B2C10605D00F39DB9 /* Typealiases */ = {
			isa = PBXGroup;
			children = (
				0218149C2C10606700F39DB9 /* Typealiases.swift */,
			);
			path = Typealiases;
			sourceTree = "<group>";
		};
		0218149E2C10608000F39DB9 /* UI */ = {
			isa = PBXGroup;
			children = (
				021815082C1063ED00F39DB9 /* Modifiers */,
				021814AF2C10622600F39DB9 /* CustomUI */,
				0218149F2C10608100F39DB9 /* ButtonStyles */,
			);
			path = UI;
			sourceTree = "<group>";
		};
		0218149F2C10608100F39DB9 /* ButtonStyles */ = {
			isa = PBXGroup;
			children = (
				021814A02C10608A00F39DB9 /* ScalableButtonStyle.swift */,
			);
			path = ButtonStyles;
			sourceTree = "<group>";
		};
		021814A22C1060A000F39DB9 /* Subviews */ = {
			isa = PBXGroup;
			children = (
				021814A32C1060A300F39DB9 /* Rows */,
			);
			path = Subviews;
			sourceTree = "<group>";
		};
		021814A32C1060A300F39DB9 /* Rows */ = {
			isa = PBXGroup;
			children = (
				021814992C10603C00F39DB9 /* ArticleRowView.swift */,
			);
			path = Rows;
			sourceTree = "<group>";
		};
		021814AA2C10612800F39DB9 /* BaseViewModel */ = {
			isa = PBXGroup;
			children = (
				021814AB2C10612D00F39DB9 /* BaseViewModel.swift */,
			);
			path = BaseViewModel;
			sourceTree = "<group>";
		};
		021814AF2C10622600F39DB9 /* CustomUI */ = {
			isa = PBXGroup;
			children = (
				021814B02C10622A00F39DB9 /* Loader.swift */,
				021815262C10656800F39DB9 /* OffsetObservingScrollView.swift */,
				021815282C10657500F39DB9 /* BlurView.swift */,
				0218152A2C10658000F39DB9 /* VisualEffectView.swift */,
				0218153B2C1069D200F39DB9 /* HiddenNavBarView.swift */,
			);
			path = CustomUI;
			sourceTree = "<group>";
		};
		021814B22C1062A300F39DB9 /* Navigation */ = {
			isa = PBXGroup;
			children = (
				0218150C2C1064B000F39DB9 /* ResolverProtocol */,
				021815142C1064B000F39DB9 /* Resolvers */,
				021814BD2C1062BD00F39DB9 /* ContentSizeCoordinator */,
				021814C52C1062BD00F39DB9 /* NavigationStore */,
				021814DB2C1062BD00F39DB9 /* NavRootView */,
				021814BB2C1062BD00F39DB9 /* Nodes */,
				021814D72C1062BD00F39DB9 /* Routing */,
				021814E02C1062BD00F39DB9 /* Tab */,
				021814DD2C1062BD00F39DB9 /* ViewFactory */,
			);
			path = Navigation;
			sourceTree = "<group>";
		};
		021814BB2C1062BD00F39DB9 /* Nodes */ = {
			isa = PBXGroup;
			children = (
				021814B32C1062BD00F39DB9 /* ArticleDetailNode.swift */,
				021814B52C1062BD00F39DB9 /* ContentNode.swift */,
				021814B62C1062BD00F39DB9 /* HomeScreenNode.swift */,
				021814B72C1062BD00F39DB9 /* SettingsScreenNode.swift */,
			);
			path = Nodes;
			sourceTree = "<group>";
		};
		021814BD2C1062BD00F39DB9 /* ContentSizeCoordinator */ = {
			isa = PBXGroup;
			children = (
				021814BC2C1062BD00F39DB9 /* ContentSizeCoordinator.swift */,
			);
			path = ContentSizeCoordinator;
			sourceTree = "<group>";
		};
		021814C52C1062BD00F39DB9 /* NavigationStore */ = {
			isa = PBXGroup;
			children = (
				021814BE2C1062BD00F39DB9 /* NavigationStore.swift */,
				021814BF2C1062BD00F39DB9 /* NavigationStore+ArticleDetailRouter.swift */,
				021814C12C1062BD00F39DB9 /* NavigationStore+HomescreenRouter.swift */,
				021814C22C1062BD00F39DB9 /* NavigationStore+SettingsScreenRouter.swift */,
			);
			path = NavigationStore;
			sourceTree = "<group>";
		};
		021814C72C1062BD00F39DB9 /* RouterProtocol */ = {
			isa = PBXGroup;
			children = (
				021814C62C1062BD00F39DB9 /* RouterProtocol.swift */,
			);
			path = RouterProtocol;
			sourceTree = "<group>";
		};
		021814CE2C1062BD00F39DB9 /* RoutersLogic */ = {
			isa = PBXGroup;
			children = (
				021814C82C1062BD00F39DB9 /* ArticleDetailRouterLogic.swift */,
				021814CA2C1062BD00F39DB9 /* HomeScreenRouterLogic.swift */,
				021814CB2C1062BD00F39DB9 /* SettingsScreenRouterLogic.swift */,
			);
			path = RoutersLogic;
			sourceTree = "<group>";
		};
		021814D62C1062BD00F39DB9 /* Routes */ = {
			isa = PBXGroup;
			children = (
				021814CF2C1062BD00F39DB9 /* ArticleDetailRoute.swift */,
				021814D12C1062BD00F39DB9 /* HomeScreenRoute.swift */,
				021814D22C1062BD00F39DB9 /* SettingsScreenRoute.swift */,
			);
			path = Routes;
			sourceTree = "<group>";
		};
		021814D72C1062BD00F39DB9 /* Routing */ = {
			isa = PBXGroup;
			children = (
				021814C72C1062BD00F39DB9 /* RouterProtocol */,
				021814CE2C1062BD00F39DB9 /* RoutersLogic */,
				021814D62C1062BD00F39DB9 /* Routes */,
			);
			path = Routing;
			sourceTree = "<group>";
		};
		021814D92C1062BD00F39DB9 /* Modifiers */ = {
			isa = PBXGroup;
			children = (
				021814D82C1062BD00F39DB9 /* RoutersModifier.swift */,
			);
			path = Modifiers;
			sourceTree = "<group>";
		};
		021814DB2C1062BD00F39DB9 /* NavRootView */ = {
			isa = PBXGroup;
			children = (
				021814D92C1062BD00F39DB9 /* Modifiers */,
				021814DA2C1062BD00F39DB9 /* NavRootView.swift */,
			);
			path = NavRootView;
			sourceTree = "<group>";
		};
		021814DD2C1062BD00F39DB9 /* ViewFactory */ = {
			isa = PBXGroup;
			children = (
				021814DC2C1062BD00F39DB9 /* ViewFactory.swift */,
			);
			path = ViewFactory;
			sourceTree = "<group>";
		};
		021814E02C1062BD00F39DB9 /* Tab */ = {
			isa = PBXGroup;
			children = (
				021814DE2C1062BD00F39DB9 /* TabPage.swift */,
				021814DF2C1062BD00F39DB9 /* TabScreen.swift */,
			);
			path = Tab;
			sourceTree = "<group>";
		};
		021815042C1063B800F39DB9 /* DI */ = {
			isa = PBXGroup;
			children = (
				021815052C1063BA00F39DB9 /* DependenciesFactory */,
			);
			path = DI;
			sourceTree = "<group>";
		};
		021815052C1063BA00F39DB9 /* DependenciesFactory */ = {
			isa = PBXGroup;
			children = (
				021815062C1063C300F39DB9 /* DependenciesFactory.swift */,
			);
			path = DependenciesFactory;
			sourceTree = "<group>";
		};
		021815082C1063ED00F39DB9 /* Modifiers */ = {
			isa = PBXGroup;
			children = (
				021815092C1063F600F39DB9 /* PresentationDetentsModifier.swift */,
				0218152E2C10668F00F39DB9 /* ViewDidLoadModifier.swift */,
			);
			path = Modifiers;
			sourceTree = "<group>";
		};
		0218150C2C1064B000F39DB9 /* ResolverProtocol */ = {
			isa = PBXGroup;
			children = (
				0218150B2C1064B000F39DB9 /* ResolverProtocol.swift */,
			);
			path = ResolverProtocol;
			sourceTree = "<group>";
		};
		021815142C1064B000F39DB9 /* Resolvers */ = {
			isa = PBXGroup;
			children = (
				0218150D2C1064B000F39DB9 /* ArticleDetailResolver.swift */,
				0218150F2C1064B000F39DB9 /* HomeScreenResolver.swift */,
				021815102C1064B000F39DB9 /* SettingsScreenResolver.swift */,
			);
			path = Resolvers;
			sourceTree = "<group>";
		};
		0218151D2C1064F500F39DB9 /* ArticleDetail */ = {
			isa = PBXGroup;
			children = (
				0218151F2C1064FA00F39DB9 /* ViewModel */,
				0218151E2C1064F800F39DB9 /* View */,
			);
			path = ArticleDetail;
			sourceTree = "<group>";
		};
		0218151E2C1064F800F39DB9 /* View */ = {
			isa = PBXGroup;
			children = (
				021815242C10653A00F39DB9 /* ArticleDetailScreen.swift */,
			);
			path = View;
			sourceTree = "<group>";
		};
		0218151F2C1064FA00F39DB9 /* ViewModel */ = {
			isa = PBXGroup;
			children = (
				021815202C1064FF00F39DB9 /* ArticleDetailViewModel.swift */,
			);
			path = ViewModel;
			sourceTree = "<group>";
		};
		021815302C10679300F39DB9 /* Settings */ = {
			isa = PBXGroup;
			children = (
				021815322C10679800F39DB9 /* View */,
				021815312C10679500F39DB9 /* ViewModel */,
			);
			path = Settings;
			sourceTree = "<group>";
		};
		021815312C10679500F39DB9 /* ViewModel */ = {
			isa = PBXGroup;
			children = (
				021815372C1067BE00F39DB9 /* SettingsViewModel.swift */,
			);
			path = ViewModel;
			sourceTree = "<group>";
		};
		021815322C10679800F39DB9 /* View */ = {
			isa = PBXGroup;
			children = (
				021815332C10679D00F39DB9 /* SettingsScreen.swift */,
			);
			path = View;
			sourceTree = "<group>";
		};
		021815422C106B8700F39DB9 /* ArticlePortfolioAppTests */ = {
			isa = PBXGroup;
			children = (
				021815522C106BBA00F39DB9 /* Services */,
				0218154E2C106BBA00F39DB9 /* Utilis */,
				0218154B2C106BBA00F39DB9 /* ViewModels */,
			);
			path = ArticlePortfolioAppTests;
			sourceTree = "<group>";
		};
		0218154B2C106BBA00F39DB9 /* ViewModels */ = {
			isa = PBXGroup;
			children = (
				0218154A2C106BBA00F39DB9 /* HomeViewModelTests.swift */,
			);
			path = ViewModels;
			sourceTree = "<group>";
		};
		0218154E2C106BBA00F39DB9 /* Utilis */ = {
			isa = PBXGroup;
			children = (
				0218154D2C106BBA00F39DB9 /* TestSearchPhrases.swift */,
			);
			path = Utilis;
			sourceTree = "<group>";
		};
		021815512C106BBA00F39DB9 /* HomeService */ = {
			isa = PBXGroup;
			children = (
				0218154F2C106BBA00F39DB9 /* HomerServerTests.swift */,
			);
			path = HomeService;
			sourceTree = "<group>";
		};
		021815522C106BBA00F39DB9 /* Services */ = {
			isa = PBXGroup;
			children = (
				021815512C106BBA00F39DB9 /* HomeService */,
			);
			path = Services;
			sourceTree = "<group>";
		};
		6B6EF66AB2CFDD9E8980726D /* Frameworks */ = {
			isa = PBXGroup;
			children = (
				E4716CBE12A91380B0805C71 /* Pods_ArticlePortfolioApp.framework */,
			);
			name = Frameworks;
			sourceTree = "<group>";
		};
		7A19B66781155FCA59738AF4 /* Pods */ = {
			isa = PBXGroup;
			children = (
				74661D37A0ABBEF684199368 /* Pods-ArticlePortfolioApp.debug.xcconfig */,
				54B65206D2042925348EDE11 /* Pods-ArticlePortfolioApp.release.xcconfig */,
			);
			path = Pods;
			sourceTree = "<group>";
		};
/* End PBXGroup section */

/* Begin PBXNativeTarget section */
		021814592C105A6100F39DB9 /* ArticlePortfolioApp */ = {
			isa = PBXNativeTarget;
			buildConfigurationList = 021814682C105A6200F39DB9 /* Build configuration list for PBXNativeTarget "ArticlePortfolioApp" */;
			buildPhases = (
				0B7D8D82E31F36AAE210E33F /* [CP] Check Pods Manifest.lock */,
				021814562C105A6100F39DB9 /* Sources */,
				021814572C105A6100F39DB9 /* Frameworks */,
				021814582C105A6100F39DB9 /* Resources */,
				DBB9D322E26BCDF27E53A996 /* [CP] Embed Pods Frameworks */,
			);
			buildRules = (
			);
			dependencies = (
			);
			name = ArticlePortfolioApp;
			productName = ArticlePortfolioApp;
			productReference = 0218145A2C105A6100F39DB9 /* ArticlePortfolioApp.app */;
			productType = "com.apple.product-type.application";
		};
		021815402C106B8700F39DB9 /* ArticlePortfolioAppTests */ = {
			isa = PBXNativeTarget;
			buildConfigurationList = 021815492C106B8700F39DB9 /* Build configuration list for PBXNativeTarget "ArticlePortfolioAppTests" */;
			buildPhases = (
				0218153D2C106B8700F39DB9 /* Sources */,
				0218153E2C106B8700F39DB9 /* Frameworks */,
				0218153F2C106B8700F39DB9 /* Resources */,
			);
			buildRules = (
			);
			dependencies = (
				021815462C106B8700F39DB9 /* PBXTargetDependency */,
			);
			name = ArticlePortfolioAppTests;
			productName = ArticlePortfolioAppTests;
			productReference = 021815412C106B8700F39DB9 /* ArticlePortfolioAppTests.xctest */;
			productType = "com.apple.product-type.bundle.unit-test";
		};
/* End PBXNativeTarget section */

/* Begin PBXProject section */
		021814522C105A6100F39DB9 /* Project object */ = {
			isa = PBXProject;
			attributes = {
				BuildIndependentTargetsInParallel = 1;
				LastSwiftUpdateCheck = 1540;
				LastUpgradeCheck = 1540;
				TargetAttributes = {
					021814592C105A6100F39DB9 = {
						CreatedOnToolsVersion = 15.4;
					};
					021815402C106B8700F39DB9 = {
						CreatedOnToolsVersion = 15.4;
						TestTargetID = 021814592C105A6100F39DB9;
					};
				};
			};
			buildConfigurationList = 021814552C105A6100F39DB9 /* Build configuration list for PBXProject "ArticlePortfolioApp" */;
			compatibilityVersion = "Xcode 14.0";
			developmentRegion = en;
			hasScannedForEncodings = 0;
			knownRegions = (
				en,
				Base,
			);
			mainGroup = 021814512C105A6100F39DB9;
			productRefGroup = 0218145B2C105A6100F39DB9 /* Products */;
			projectDirPath = "";
			projectRoot = "";
			targets = (
				021814592C105A6100F39DB9 /* ArticlePortfolioApp */,
				021815402C106B8700F39DB9 /* ArticlePortfolioAppTests */,
			);
		};
/* End PBXProject section */

/* Begin PBXResourcesBuildPhase section */
		021814582C105A6100F39DB9 /* Resources */ = {
			isa = PBXResourcesBuildPhase;
			buildActionMask = 2147483647;
			files = (
				021814652C105A6200F39DB9 /* Preview Assets.xcassets in Resources */,
				021814622C105A6200F39DB9 /* Assets.xcassets in Resources */,
			);
			runOnlyForDeploymentPostprocessing = 0;
		};
		0218153F2C106B8700F39DB9 /* Resources */ = {
			isa = PBXResourcesBuildPhase;
			buildActionMask = 2147483647;
			files = (
			);
			runOnlyForDeploymentPostprocessing = 0;
		};
/* End PBXResourcesBuildPhase section */

/* Begin PBXShellScriptBuildPhase section */
		0B7D8D82E31F36AAE210E33F /* [CP] Check Pods Manifest.lock */ = {
			isa = PBXShellScriptBuildPhase;
			buildActionMask = 2147483647;
			files = (
			);
			inputFileListPaths = (
			);
			inputPaths = (
				"${PODS_PODFILE_DIR_PATH}/Podfile.lock",
				"${PODS_ROOT}/Manifest.lock",
			);
			name = "[CP] Check Pods Manifest.lock";
			outputFileListPaths = (
			);
			outputPaths = (
				"$(DERIVED_FILE_DIR)/Pods-ArticlePortfolioApp-checkManifestLockResult.txt",
			);
			runOnlyForDeploymentPostprocessing = 0;
			shellPath = /bin/sh;
			shellScript = "diff \"${PODS_PODFILE_DIR_PATH}/Podfile.lock\" \"${PODS_ROOT}/Manifest.lock\" > /dev/null\nif [ $? != 0 ] ; then\n    # print error to STDERR\n    echo \"error: The sandbox is not in sync with the Podfile.lock. Run 'pod install' or update your CocoaPods installation.\" >&2\n    exit 1\nfi\n# This output is used by Xcode 'outputs' to avoid re-running this script phase.\necho \"SUCCESS\" > \"${SCRIPT_OUTPUT_FILE_0}\"\n";
			showEnvVarsInLog = 0;
		};
		DBB9D322E26BCDF27E53A996 /* [CP] Embed Pods Frameworks */ = {
			isa = PBXShellScriptBuildPhase;
			buildActionMask = 2147483647;
			files = (
			);
			inputFileListPaths = (
				"${PODS_ROOT}/Target Support Files/Pods-ArticlePortfolioApp/Pods-ArticlePortfolioApp-frameworks-${CONFIGURATION}-input-files.xcfilelist",
			);
			name = "[CP] Embed Pods Frameworks";
			outputFileListPaths = (
				"${PODS_ROOT}/Target Support Files/Pods-ArticlePortfolioApp/Pods-ArticlePortfolioApp-frameworks-${CONFIGURATION}-output-files.xcfilelist",
			);
			runOnlyForDeploymentPostprocessing = 0;
			shellPath = /bin/sh;
			shellScript = "\"${PODS_ROOT}/Target Support Files/Pods-ArticlePortfolioApp/Pods-ArticlePortfolioApp-frameworks.sh\"\n";
			showEnvVarsInLog = 0;
		};
/* End PBXShellScriptBuildPhase section */

/* Begin PBXSourcesBuildPhase section */
		021814562C105A6100F39DB9 /* Sources */ = {
			isa = PBXSourcesBuildPhase;
			buildActionMask = 2147483647;
			files = (
				021815002C1062BD00F39DB9 /* NavRootView.swift in Sources */,
				021815292C10657500F39DB9 /* BlurView.swift in Sources */,
				021814FF2C1062BD00F39DB9 /* RoutersModifier.swift in Sources */,
				021815022C1062BD00F39DB9 /* TabPage.swift in Sources */,
				021814E52C1062BD00F39DB9 /* SettingsScreenNode.swift in Sources */,
				021814F52C1062BD00F39DB9 /* SettingsScreenRouterLogic.swift in Sources */,
				021815032C1062BD00F39DB9 /* TabScreen.swift in Sources */,
				021814E12C1062BD00F39DB9 /* ArticleDetailNode.swift in Sources */,
				021814A12C10608A00F39DB9 /* ScalableButtonStyle.swift in Sources */,
				021814AC2C10612D00F39DB9 /* BaseViewModel.swift in Sources */,
				021814922C105F4800F39DB9 /* MoyaProvider+Ext.swift in Sources */,
				021814762C105D9700F39DB9 /* LoggerPlugin.swift in Sources */,
				021814A72C1060C100F39DB9 /* HomeViewModel.swift in Sources */,
				021815182C1064B000F39DB9 /* HomeScreenResolver.swift in Sources */,
				021814F22C1062BD00F39DB9 /* ArticleDetailRouterLogic.swift in Sources */,
				021814802C105DE100F39DB9 /* CustomLogger.swift in Sources */,
				021814882C105E6300F39DB9 /* ArticleDto.swift in Sources */,
				0218152B2C10658000F39DB9 /* VisualEffectView.swift in Sources */,
				021815272C10656800F39DB9 /* OffsetObservingScrollView.swift in Sources */,
				021814862C105E5700F39DB9 /* ArticleResponseDto.swift in Sources */,
				021815192C1064B000F39DB9 /* SettingsScreenResolver.swift in Sources */,
				021814952C105F5D00F39DB9 /* Constants.swift in Sources */,
				0218149A2C10603C00F39DB9 /* ArticleRowView.swift in Sources */,
				0218147E2C105DDA00F39DB9 /* LogLevel.swift in Sources */,
				021815232C10651C00F39DB9 /* ArticleDetailModule.swift in Sources */,
				021814EB2C1062BD00F39DB9 /* NavigationStore+ArticleDetailRouter.swift in Sources */,
				021814EE2C1062BD00F39DB9 /* NavigationStore+SettingsScreenRouter.swift in Sources */,
				021815152C1064B000F39DB9 /* ResolverProtocol.swift in Sources */,
				021815342C10679D00F39DB9 /* SettingsScreen.swift in Sources */,
				021814F42C1062BD00F39DB9 /* HomeScreenRouterLogic.swift in Sources */,
				021814A52C1060AE00F39DB9 /* HomeScreen.swift in Sources */,
				021814602C105A6100F39DB9 /* ContentView.swift in Sources */,
				021814F12C1062BD00F39DB9 /* RouterProtocol.swift in Sources */,
				021815072C1063C300F39DB9 /* DependenciesFactory.swift in Sources */,
				021815012C1062BD00F39DB9 /* ViewFactory.swift in Sources */,
				0218148E2C105EDF00F39DB9 /* String+Ext.swift in Sources */,
				021814FB2C1062BD00F39DB9 /* SettingsScreenRoute.swift in Sources */,
				021814B12C10622A00F39DB9 /* Loader.swift in Sources */,
				0218148C2C105EC300F39DB9 /* HomeAPI.swift in Sources */,
				021814E92C1062BD00F39DB9 /* ContentSizeCoordinator.swift in Sources */,
				021814AE2C10617F00F39DB9 /* HomeModule.swift in Sources */,
				021814902C105F2100F39DB9 /* HomeServer.swift in Sources */,
				0218152F2C10668F00F39DB9 /* ViewDidLoadModifier.swift in Sources */,
				0218150A2C1063F600F39DB9 /* PresentationDetentsModifier.swift in Sources */,
				0218145E2C105A6100F39DB9 /* ArticlePortfolioAppApp.swift in Sources */,
				021815162C1064B000F39DB9 /* ArticleDetailResolver.swift in Sources */,
				021814732C105D4600F39DB9 /* StatusCode.swift in Sources */,
				0218153C2C1069D200F39DB9 /* HiddenNavBarView.swift in Sources */,
				021814832C105E1D00F39DB9 /* APIEnvironment.swift in Sources */,
				021815362C1067AA00F39DB9 /* SettingsModule.swift in Sources */,
				021815382C1067BE00F39DB9 /* SettingsViewModel.swift in Sources */,
				021814A92C10610600F39DB9 /* Publisher+Ext.swift in Sources */,
				021814ED2C1062BD00F39DB9 /* NavigationStore+HomescreenRouter.swift in Sources */,
				021814F82C1062BD00F39DB9 /* ArticleDetailRoute.swift in Sources */,
				021814EA2C1062BD00F39DB9 /* NavigationStore.swift in Sources */,
				021815252C10653A00F39DB9 /* ArticleDetailScreen.swift in Sources */,
				0218152D2C1065D800F39DB9 /* Color+Ext.swift in Sources */,
				021815212C1064FF00F39DB9 /* ArticleDetailViewModel.swift in Sources */,
				0218147A2C105DB100F39DB9 /* DateFormatter+Ext.swift in Sources */,
				0218149D2C10606700F39DB9 /* Typealiases.swift in Sources */,
				021814E42C1062BD00F39DB9 /* HomeScreenNode.swift in Sources */,
				021814FA2C1062BD00F39DB9 /* HomeScreenRoute.swift in Sources */,
				021814E32C1062BD00F39DB9 /* ContentNode.swift in Sources */,
			);
			runOnlyForDeploymentPostprocessing = 0;
		};
		0218153D2C106B8700F39DB9 /* Sources */ = {
			isa = PBXSourcesBuildPhase;
			buildActionMask = 2147483647;
			files = (
				021815542C106BBA00F39DB9 /* TestSearchPhrases.swift in Sources */,
				021815552C106BBA00F39DB9 /* HomerServerTests.swift in Sources */,
				021815532C106BBA00F39DB9 /* HomeViewModelTests.swift in Sources */,
			);
			runOnlyForDeploymentPostprocessing = 0;
		};
/* End PBXSourcesBuildPhase section */

/* Begin PBXTargetDependency section */
		021815462C106B8700F39DB9 /* PBXTargetDependency */ = {
			isa = PBXTargetDependency;
			target = 021814592C105A6100F39DB9 /* ArticlePortfolioApp */;
			targetProxy = 021815452C106B8700F39DB9 /* PBXContainerItemProxy */;
		};
/* End PBXTargetDependency section */

/* Begin XCBuildConfiguration section */
		021814662C105A6200F39DB9 /* Debug */ = {
			isa = XCBuildConfiguration;
			buildSettings = {
				ALWAYS_SEARCH_USER_PATHS = NO;
				ASSETCATALOG_COMPILER_GENERATE_SWIFT_ASSET_SYMBOL_EXTENSIONS = YES;
				CLANG_ANALYZER_NONNULL = YES;
				CLANG_ANALYZER_NUMBER_OBJECT_CONVERSION = YES_AGGRESSIVE;
				CLANG_CXX_LANGUAGE_STANDARD = "gnu++20";
				CLANG_ENABLE_MODULES = YES;
				CLANG_ENABLE_OBJC_ARC = YES;
				CLANG_ENABLE_OBJC_WEAK = YES;
				CLANG_WARN_BLOCK_CAPTURE_AUTORELEASING = YES;
				CLANG_WARN_BOOL_CONVERSION = YES;
				CLANG_WARN_COMMA = YES;
				CLANG_WARN_CONSTANT_CONVERSION = YES;
				CLANG_WARN_DEPRECATED_OBJC_IMPLEMENTATIONS = YES;
				CLANG_WARN_DIRECT_OBJC_ISA_USAGE = YES_ERROR;
				CLANG_WARN_DOCUMENTATION_COMMENTS = YES;
				CLANG_WARN_EMPTY_BODY = YES;
				CLANG_WARN_ENUM_CONVERSION = YES;
				CLANG_WARN_INFINITE_RECURSION = YES;
				CLANG_WARN_INT_CONVERSION = YES;
				CLANG_WARN_NON_LITERAL_NULL_CONVERSION = YES;
				CLANG_WARN_OBJC_IMPLICIT_RETAIN_SELF = YES;
				CLANG_WARN_OBJC_LITERAL_CONVERSION = YES;
				CLANG_WARN_OBJC_ROOT_CLASS = YES_ERROR;
				CLANG_WARN_QUOTED_INCLUDE_IN_FRAMEWORK_HEADER = YES;
				CLANG_WARN_RANGE_LOOP_ANALYSIS = YES;
				CLANG_WARN_STRICT_PROTOTYPES = YES;
				CLANG_WARN_SUSPICIOUS_MOVE = YES;
				CLANG_WARN_UNGUARDED_AVAILABILITY = YES_AGGRESSIVE;
				CLANG_WARN_UNREACHABLE_CODE = YES;
				CLANG_WARN__DUPLICATE_METHOD_MATCH = YES;
				COPY_PHASE_STRIP = NO;
				DEBUG_INFORMATION_FORMAT = dwarf;
				ENABLE_STRICT_OBJC_MSGSEND = YES;
				ENABLE_TESTABILITY = YES;
				ENABLE_USER_SCRIPT_SANDBOXING = YES;
				GCC_C_LANGUAGE_STANDARD = gnu17;
				GCC_DYNAMIC_NO_PIC = NO;
				GCC_NO_COMMON_BLOCKS = YES;
				GCC_OPTIMIZATION_LEVEL = 0;
				GCC_PREPROCESSOR_DEFINITIONS = (
					"DEBUG=1",
					"$(inherited)",
				);
				GCC_WARN_64_TO_32_BIT_CONVERSION = YES;
				GCC_WARN_ABOUT_RETURN_TYPE = YES_ERROR;
				GCC_WARN_UNDECLARED_SELECTOR = YES;
				GCC_WARN_UNINITIALIZED_AUTOS = YES_AGGRESSIVE;
				GCC_WARN_UNUSED_FUNCTION = YES;
				GCC_WARN_UNUSED_VARIABLE = YES;
				IPHONEOS_DEPLOYMENT_TARGET = 17.5;
				LOCALIZATION_PREFERS_STRING_CATALOGS = YES;
				MTL_ENABLE_DEBUG_INFO = INCLUDE_SOURCE;
				MTL_FAST_MATH = YES;
				ONLY_ACTIVE_ARCH = YES;
				SDKROOT = iphoneos;
				SWIFT_ACTIVE_COMPILATION_CONDITIONS = "DEBUG $(inherited)";
				SWIFT_OPTIMIZATION_LEVEL = "-Onone";
			};
			name = Debug;
		};
		021814672C105A6200F39DB9 /* Release */ = {
			isa = XCBuildConfiguration;
			buildSettings = {
				ALWAYS_SEARCH_USER_PATHS = NO;
				ASSETCATALOG_COMPILER_GENERATE_SWIFT_ASSET_SYMBOL_EXTENSIONS = YES;
				CLANG_ANALYZER_NONNULL = YES;
				CLANG_ANALYZER_NUMBER_OBJECT_CONVERSION = YES_AGGRESSIVE;
				CLANG_CXX_LANGUAGE_STANDARD = "gnu++20";
				CLANG_ENABLE_MODULES = YES;
				CLANG_ENABLE_OBJC_ARC = YES;
				CLANG_ENABLE_OBJC_WEAK = YES;
				CLANG_WARN_BLOCK_CAPTURE_AUTORELEASING = YES;
				CLANG_WARN_BOOL_CONVERSION = YES;
				CLANG_WARN_COMMA = YES;
				CLANG_WARN_CONSTANT_CONVERSION = YES;
				CLANG_WARN_DEPRECATED_OBJC_IMPLEMENTATIONS = YES;
				CLANG_WARN_DIRECT_OBJC_ISA_USAGE = YES_ERROR;
				CLANG_WARN_DOCUMENTATION_COMMENTS = YES;
				CLANG_WARN_EMPTY_BODY = YES;
				CLANG_WARN_ENUM_CONVERSION = YES;
				CLANG_WARN_INFINITE_RECURSION = YES;
				CLANG_WARN_INT_CONVERSION = YES;
				CLANG_WARN_NON_LITERAL_NULL_CONVERSION = YES;
				CLANG_WARN_OBJC_IMPLICIT_RETAIN_SELF = YES;
				CLANG_WARN_OBJC_LITERAL_CONVERSION = YES;
				CLANG_WARN_OBJC_ROOT_CLASS = YES_ERROR;
				CLANG_WARN_QUOTED_INCLUDE_IN_FRAMEWORK_HEADER = YES;
				CLANG_WARN_RANGE_LOOP_ANALYSIS = YES;
				CLANG_WARN_STRICT_PROTOTYPES = YES;
				CLANG_WARN_SUSPICIOUS_MOVE = YES;
				CLANG_WARN_UNGUARDED_AVAILABILITY = YES_AGGRESSIVE;
				CLANG_WARN_UNREACHABLE_CODE = YES;
				CLANG_WARN__DUPLICATE_METHOD_MATCH = YES;
				COPY_PHASE_STRIP = NO;
				DEBUG_INFORMATION_FORMAT = "dwarf-with-dsym";
				ENABLE_NS_ASSERTIONS = NO;
				ENABLE_STRICT_OBJC_MSGSEND = YES;
				ENABLE_USER_SCRIPT_SANDBOXING = YES;
				GCC_C_LANGUAGE_STANDARD = gnu17;
				GCC_NO_COMMON_BLOCKS = YES;
				GCC_WARN_64_TO_32_BIT_CONVERSION = YES;
				GCC_WARN_ABOUT_RETURN_TYPE = YES_ERROR;
				GCC_WARN_UNDECLARED_SELECTOR = YES;
				GCC_WARN_UNINITIALIZED_AUTOS = YES_AGGRESSIVE;
				GCC_WARN_UNUSED_FUNCTION = YES;
				GCC_WARN_UNUSED_VARIABLE = YES;
				IPHONEOS_DEPLOYMENT_TARGET = 17.5;
				LOCALIZATION_PREFERS_STRING_CATALOGS = YES;
				MTL_ENABLE_DEBUG_INFO = NO;
				MTL_FAST_MATH = YES;
				SDKROOT = iphoneos;
				SWIFT_COMPILATION_MODE = wholemodule;
				VALIDATE_PRODUCT = YES;
			};
			name = Release;
		};
		021814692C105A6200F39DB9 /* Debug */ = {
			isa = XCBuildConfiguration;
			baseConfigurationReference = 74661D37A0ABBEF684199368 /* Pods-ArticlePortfolioApp.debug.xcconfig */;
			buildSettings = {
				ASSETCATALOG_COMPILER_APPICON_NAME = AppIcon;
				ASSETCATALOG_COMPILER_GLOBAL_ACCENT_COLOR_NAME = AccentColor;
				CODE_SIGN_STYLE = Automatic;
				CURRENT_PROJECT_VERSION = 1;
				DEVELOPMENT_ASSET_PATHS = "\"ArticlePortfolioApp/Preview Content\"";
				DEVELOPMENT_TEAM = 4G76GHV9RM;
				ENABLE_PREVIEWS = YES;
				ENABLE_USER_SCRIPT_SANDBOXING = NO;
				GENERATE_INFOPLIST_FILE = YES;
				INFOPLIST_KEY_UIApplicationSceneManifest_Generation = YES;
				INFOPLIST_KEY_UIApplicationSupportsIndirectInputEvents = YES;
				INFOPLIST_KEY_UILaunchScreen_Generation = YES;
				INFOPLIST_KEY_UISupportedInterfaceOrientations = "UIInterfaceOrientationLandscapeRight UIInterfaceOrientationPortrait";
				INFOPLIST_KEY_UISupportedInterfaceOrientations_iPad = "UIInterfaceOrientationLandscapeLeft UIInterfaceOrientationLandscapeRight UIInterfaceOrientationPortrait UIInterfaceOrientationPortraitUpsideDown";
				IPHONEOS_DEPLOYMENT_TARGET = 17.0;
				LD_RUNPATH_SEARCH_PATHS = (
					"$(inherited)",
					"@executable_path/Frameworks",
				);
				MARKETING_VERSION = 1.0;
				PRODUCT_BUNDLE_IDENTIFIER = com.leopoldromanowski.ArticlePortfolioApp;
				PRODUCT_NAME = "$(TARGET_NAME)";
				SUPPORTED_PLATFORMS = "iphoneos iphonesimulator";
				SUPPORTS_MACCATALYST = NO;
				SUPPORTS_MAC_DESIGNED_FOR_IPHONE_IPAD = NO;
				SUPPORTS_XR_DESIGNED_FOR_IPHONE_IPAD = NO;
				SWIFT_EMIT_LOC_STRINGS = YES;
				SWIFT_VERSION = 5.0;
				TARGETED_DEVICE_FAMILY = 1;
			};
			name = Debug;
		};
		0218146A2C105A6200F39DB9 /* Release */ = {
			isa = XCBuildConfiguration;
			baseConfigurationReference = 54B65206D2042925348EDE11 /* Pods-ArticlePortfolioApp.release.xcconfig */;
			buildSettings = {
				ASSETCATALOG_COMPILER_APPICON_NAME = AppIcon;
				ASSETCATALOG_COMPILER_GLOBAL_ACCENT_COLOR_NAME = AccentColor;
				CODE_SIGN_STYLE = Automatic;
				CURRENT_PROJECT_VERSION = 1;
				DEVELOPMENT_ASSET_PATHS = "\"ArticlePortfolioApp/Preview Content\"";
				DEVELOPMENT_TEAM = 4G76GHV9RM;
				ENABLE_PREVIEWS = YES;
				ENABLE_USER_SCRIPT_SANDBOXING = NO;
				GENERATE_INFOPLIST_FILE = YES;
				INFOPLIST_KEY_UIApplicationSceneManifest_Generation = YES;
				INFOPLIST_KEY_UIApplicationSupportsIndirectInputEvents = YES;
				INFOPLIST_KEY_UILaunchScreen_Generation = YES;
				INFOPLIST_KEY_UISupportedInterfaceOrientations = "UIInterfaceOrientationLandscapeRight UIInterfaceOrientationPortrait";
				INFOPLIST_KEY_UISupportedInterfaceOrientations_iPad = "UIInterfaceOrientationLandscapeLeft UIInterfaceOrientationLandscapeRight UIInterfaceOrientationPortrait UIInterfaceOrientationPortraitUpsideDown";
				IPHONEOS_DEPLOYMENT_TARGET = 17.0;
				LD_RUNPATH_SEARCH_PATHS = (
					"$(inherited)",
					"@executable_path/Frameworks",
				);
				MARKETING_VERSION = 1.0;
				PRODUCT_BUNDLE_IDENTIFIER = com.leopoldromanowski.ArticlePortfolioApp;
				PRODUCT_NAME = "$(TARGET_NAME)";
				SUPPORTED_PLATFORMS = "iphoneos iphonesimulator";
				SUPPORTS_MACCATALYST = NO;
				SUPPORTS_MAC_DESIGNED_FOR_IPHONE_IPAD = NO;
				SUPPORTS_XR_DESIGNED_FOR_IPHONE_IPAD = NO;
				SWIFT_EMIT_LOC_STRINGS = YES;
				SWIFT_VERSION = 5.0;
				TARGETED_DEVICE_FAMILY = 1;
			};
			name = Release;
		};
		021815472C106B8700F39DB9 /* Debug */ = {
			isa = XCBuildConfiguration;
			buildSettings = {
				BUNDLE_LOADER = "$(TEST_HOST)";
				CODE_SIGN_STYLE = Automatic;
				CURRENT_PROJECT_VERSION = 1;
				DEVELOPMENT_TEAM = 4G76GHV9RM;
				GENERATE_INFOPLIST_FILE = YES;
				MARKETING_VERSION = 1.0;
				PRODUCT_BUNDLE_IDENTIFIER = com.leopoldromanowski.ArticlePortfolioAppTests;
				PRODUCT_NAME = "$(TARGET_NAME)";
				SWIFT_EMIT_LOC_STRINGS = NO;
				SWIFT_VERSION = 5.0;
				TARGETED_DEVICE_FAMILY = "1,2";
				TEST_HOST = "$(BUILT_PRODUCTS_DIR)/ArticlePortfolioApp.app/$(BUNDLE_EXECUTABLE_FOLDER_PATH)/ArticlePortfolioApp";
			};
			name = Debug;
		};
		021815482C106B8700F39DB9 /* Release */ = {
			isa = XCBuildConfiguration;
			buildSettings = {
				BUNDLE_LOADER = "$(TEST_HOST)";
				CODE_SIGN_STYLE = Automatic;
				CURRENT_PROJECT_VERSION = 1;
				DEVELOPMENT_TEAM = 4G76GHV9RM;
				GENERATE_INFOPLIST_FILE = YES;
				MARKETING_VERSION = 1.0;
				PRODUCT_BUNDLE_IDENTIFIER = com.leopoldromanowski.ArticlePortfolioAppTests;
				PRODUCT_NAME = "$(TARGET_NAME)";
				SWIFT_EMIT_LOC_STRINGS = NO;
				SWIFT_VERSION = 5.0;
				TARGETED_DEVICE_FAMILY = "1,2";
				TEST_HOST = "$(BUILT_PRODUCTS_DIR)/ArticlePortfolioApp.app/$(BUNDLE_EXECUTABLE_FOLDER_PATH)/ArticlePortfolioApp";
			};
			name = Release;
		};
/* End XCBuildConfiguration section */

/* Begin XCConfigurationList section */
		021814552C105A6100F39DB9 /* Build configuration list for PBXProject "ArticlePortfolioApp" */ = {
			isa = XCConfigurationList;
			buildConfigurations = (
				021814662C105A6200F39DB9 /* Debug */,
				021814672C105A6200F39DB9 /* Release */,
			);
			defaultConfigurationIsVisible = 0;
			defaultConfigurationName = Release;
		};
		021814682C105A6200F39DB9 /* Build configuration list for PBXNativeTarget "ArticlePortfolioApp" */ = {
			isa = XCConfigurationList;
			buildConfigurations = (
				021814692C105A6200F39DB9 /* Debug */,
				0218146A2C105A6200F39DB9 /* Release */,
			);
			defaultConfigurationIsVisible = 0;
			defaultConfigurationName = Release;
		};
		021815492C106B8700F39DB9 /* Build configuration list for PBXNativeTarget "ArticlePortfolioAppTests" */ = {
			isa = XCConfigurationList;
			buildConfigurations = (
				021815472C106B8700F39DB9 /* Debug */,
				021815482C106B8700F39DB9 /* Release */,
			);
			defaultConfigurationIsVisible = 0;
			defaultConfigurationName = Release;
		};
/* End XCConfigurationList section */
	};
	rootObject = 021814522C105A6100F39DB9 /* Project object */;
}
