// !$*UTF8*$!
{
	archiveVersion = 1;
	classes = {
	};
	objectVersion = 56;
	objects = {

/* Begin PBXBuildFile section */
		0218145E2C105A6100F39DB9 /* ArticlePortfolioAppApp.swift in Sources */ = {isa = PBXBuildFile; fileRef = 0218145D2C105A6100F39DB9 /* ArticlePortfolioAppApp.swift */; };
		021814602C105A6100F39DB9 /* ContentView.swift in Sources */ = {isa = PBXBuildFile; fileRef = 0218145F2C105A6100F39DB9 /* ContentView.swift */; };
		021814622C105A6200F39DB9 /* Assets.xcassets in Resources */ = {isa = PBXBuildFile; fileRef = 021814612C105A6200F39DB9 /* Assets.xcassets */; };
		021814652C105A6200F39DB9 /* Preview Assets.xcassets in Resources */ = {isa = PBXBuildFile; fileRef = 021814642C105A6200F39DB9 /* Preview Assets.xcassets */; };
		ED862552C6A693FD285ADF3E /* Pods_ArticlePortfolioApp.framework in Frameworks */ = {isa = PBXBuildFile; fileRef = BA163E00BB48B084A0B18630 /* Pods_ArticlePortfolioApp.framework */; };
/* End PBXBuildFile section */

/* Begin PBXFileReference section */
		0218145A2C105A6100F39DB9 /* ArticlePortfolioApp.app */ = {isa = PBXFileReference; explicitFileType = wrapper.application; includeInIndex = 0; path = ArticlePortfolioApp.app; sourceTree = BUILT_PRODUCTS_DIR; };
		0218145D2C105A6100F39DB9 /* ArticlePortfolioAppApp.swift */ = {isa = PBXFileReference; lastKnownFileType = sourcecode.swift; path = ArticlePortfolioAppApp.swift; sourceTree = "<group>"; };
		0218145F2C105A6100F39DB9 /* ContentView.swift */ = {isa = PBXFileReference; lastKnownFileType = sourcecode.swift; path = ContentView.swift; sourceTree = "<group>"; };
		021814612C105A6200F39DB9 /* Assets.xcassets */ = {isa = PBXFileReference; lastKnownFileType = folder.assetcatalog; path = Assets.xcassets; sourceTree = "<group>"; };
		021814642C105A6200F39DB9 /* Preview Assets.xcassets */ = {isa = PBXFileReference; lastKnownFileType = folder.assetcatalog; path = "Preview Assets.xcassets"; sourceTree = "<group>"; };
		1F4182F6C312A34706A64FD0 /* Pods-ArticlePortfolioApp.release.xcconfig */ = {isa = PBXFileReference; includeInIndex = 1; lastKnownFileType = text.xcconfig; name = "Pods-ArticlePortfolioApp.release.xcconfig"; path = "Target Support Files/Pods-ArticlePortfolioApp/Pods-ArticlePortfolioApp.release.xcconfig"; sourceTree = "<group>"; };
		62B840B374381A0DAC83CF61 /* Pods-ArticlePortfolioApp.debug.xcconfig */ = {isa = PBXFileReference; includeInIndex = 1; lastKnownFileType = text.xcconfig; name = "Pods-ArticlePortfolioApp.debug.xcconfig"; path = "Target Support Files/Pods-ArticlePortfolioApp/Pods-ArticlePortfolioApp.debug.xcconfig"; sourceTree = "<group>"; };
		BA163E00BB48B084A0B18630 /* Pods_ArticlePortfolioApp.framework */ = {isa = PBXFileReference; explicitFileType = wrapper.framework; includeInIndex = 0; path = Pods_ArticlePortfolioApp.framework; sourceTree = BUILT_PRODUCTS_DIR; };
/* End PBXFileReference section */

/* Begin PBXFrameworksBuildPhase section */
		021814572C105A6100F39DB9 /* Frameworks */ = {
			isa = PBXFrameworksBuildPhase;
			buildActionMask = 2147483647;
			files = (
				ED862552C6A693FD285ADF3E /* Pods_ArticlePortfolioApp.framework in Frameworks */,
			);
			runOnlyForDeploymentPostprocessing = 0;
		};
/* End PBXFrameworksBuildPhase section */

/* Begin PBXGroup section */
		021814512C105A6100F39DB9 = {
			isa = PBXGroup;
			children = (
				0218145C2C105A6100F39DB9 /* ArticlePortfolioApp */,
				0218145B2C105A6100F39DB9 /* Products */,
				7A19B66781155FCA59738AF4 /* Pods */,
				A9D6BB3172EC81EAFADB6ABC /* Frameworks */,
			);
			sourceTree = "<group>";
		};
		0218145B2C105A6100F39DB9 /* Products */ = {
			isa = PBXGroup;
			children = (
				0218145A2C105A6100F39DB9 /* ArticlePortfolioApp.app */,
			);
			name = Products;
			sourceTree = "<group>";
		};
		0218145C2C105A6100F39DB9 /* ArticlePortfolioApp */ = {
			isa = PBXGroup;
			children = (
				0218146E2C105AED00F39DB9 /* Modules */,
				0218146B2C105AD700F39DB9 /* App */,
				021814612C105A6200F39DB9 /* Assets.xcassets */,
				021814632C105A6200F39DB9 /* Preview Content */,
			);
			path = ArticlePortfolioApp;
			sourceTree = "<group>";
		};
		021814632C105A6200F39DB9 /* Preview Content */ = {
			isa = PBXGroup;
			children = (
				021814642C105A6200F39DB9 /* Preview Assets.xcassets */,
			);
			path = "Preview Content";
			sourceTree = "<group>";
		};
		0218146B2C105AD700F39DB9 /* App */ = {
			isa = PBXGroup;
			children = (
				0218145D2C105A6100F39DB9 /* ArticlePortfolioAppApp.swift */,
			);
			path = App;
			sourceTree = "<group>";
		};
		0218146C2C105AE100F39DB9 /* Presentation */ = {
			isa = PBXGroup;
			children = (
				0218146D2C105AE300F39DB9 /* Content */,
			);
			path = Presentation;
			sourceTree = "<group>";
		};
		0218146D2C105AE300F39DB9 /* Content */ = {
			isa = PBXGroup;
			children = (
				0218145F2C105A6100F39DB9 /* ContentView.swift */,
			);
			path = Content;
			sourceTree = "<group>";
		};
		0218146E2C105AED00F39DB9 /* Modules */ = {
			isa = PBXGroup;
			children = (
				0218146F2C105AF900F39DB9 /* Definitions */,
				0218146C2C105AE100F39DB9 /* Presentation */,
			);
			path = Modules;
			sourceTree = "<group>";
		};
		0218146F2C105AF900F39DB9 /* Definitions */ = {
			isa = PBXGroup;
			children = (
			);
			path = Definitions;
			sourceTree = "<group>";
		};
		7A19B66781155FCA59738AF4 /* Pods */ = {
			isa = PBXGroup;
			children = (
				62B840B374381A0DAC83CF61 /* Pods-ArticlePortfolioApp.debug.xcconfig */,
				1F4182F6C312A34706A64FD0 /* Pods-ArticlePortfolioApp.release.xcconfig */,
			);
			path = Pods;
			sourceTree = "<group>";
		};
		A9D6BB3172EC81EAFADB6ABC /* Frameworks */ = {
			isa = PBXGroup;
			children = (
				BA163E00BB48B084A0B18630 /* Pods_ArticlePortfolioApp.framework */,
			);
			name = Frameworks;
			sourceTree = "<group>";
		};
/* End PBXGroup section */

/* Begin PBXNativeTarget section */
		021814592C105A6100F39DB9 /* ArticlePortfolioApp */ = {
			isa = PBXNativeTarget;
			buildConfigurationList = 021814682C105A6200F39DB9 /* Build configuration list for PBXNativeTarget "ArticlePortfolioApp" */;
			buildPhases = (
				181BF5BC6F98E3BC67FA6C73 /* [CP] Check Pods Manifest.lock */,
				021814562C105A6100F39DB9 /* Sources */,
				021814572C105A6100F39DB9 /* Frameworks */,
				021814582C105A6100F39DB9 /* Resources */,
				6B126F95906AD24C27DBB7E3 /* [CP] Embed Pods Frameworks */,
			);
			buildRules = (
			);
			dependencies = (
			);
			name = ArticlePortfolioApp;
			productName = ArticlePortfolioApp;
			productReference = 0218145A2C105A6100F39DB9 /* ArticlePortfolioApp.app */;
			productType = "com.apple.product-type.application";
		};
/* End PBXNativeTarget section */

/* Begin PBXProject section */
		021814522C105A6100F39DB9 /* Project object */ = {
			isa = PBXProject;
			attributes = {
				BuildIndependentTargetsInParallel = 1;
				LastSwiftUpdateCheck = 1540;
				LastUpgradeCheck = 1540;
				TargetAttributes = {
					021814592C105A6100F39DB9 = {
						CreatedOnToolsVersion = 15.4;
					};
				};
			};
			buildConfigurationList = 021814552C105A6100F39DB9 /* Build configuration list for PBXProject "ArticlePortfolioApp" */;
			compatibilityVersion = "Xcode 14.0";
			developmentRegion = en;
			hasScannedForEncodings = 0;
			knownRegions = (
				en,
				Base,
			);
			mainGroup = 021814512C105A6100F39DB9;
			productRefGroup = 0218145B2C105A6100F39DB9 /* Products */;
			projectDirPath = "";
			projectRoot = "";
			targets = (
				021814592C105A6100F39DB9 /* ArticlePortfolioApp */,
			);
		};
/* End PBXProject section */

/* Begin PBXResourcesBuildPhase section */
		021814582C105A6100F39DB9 /* Resources */ = {
			isa = PBXResourcesBuildPhase;
			buildActionMask = 2147483647;
			files = (
				021814652C105A6200F39DB9 /* Preview Assets.xcassets in Resources */,
				021814622C105A6200F39DB9 /* Assets.xcassets in Resources */,
			);
			runOnlyForDeploymentPostprocessing = 0;
		};
/* End PBXResourcesBuildPhase section */

/* Begin PBXShellScriptBuildPhase section */
		181BF5BC6F98E3BC67FA6C73 /* [CP] Check Pods Manifest.lock */ = {
			isa = PBXShellScriptBuildPhase;
			buildActionMask = 2147483647;
			files = (
			);
			inputFileListPaths = (
			);
			inputPaths = (
				"${PODS_PODFILE_DIR_PATH}/Podfile.lock",
				"${PODS_ROOT}/Manifest.lock",
			);
			name = "[CP] Check Pods Manifest.lock";
			outputFileListPaths = (
			);
			outputPaths = (
				"$(DERIVED_FILE_DIR)/Pods-ArticlePortfolioApp-checkManifestLockResult.txt",
			);
			runOnlyForDeploymentPostprocessing = 0;
			shellPath = /bin/sh;
			shellScript = "diff \"${PODS_PODFILE_DIR_PATH}/Podfile.lock\" \"${PODS_ROOT}/Manifest.lock\" > /dev/null\nif [ $? != 0 ] ; then\n    # print error to STDERR\n    echo \"error: The sandbox is not in sync with the Podfile.lock. Run 'pod install' or update your CocoaPods installation.\" >&2\n    exit 1\nfi\n# This output is used by Xcode 'outputs' to avoid re-running this script phase.\necho \"SUCCESS\" > \"${SCRIPT_OUTPUT_FILE_0}\"\n";
			showEnvVarsInLog = 0;
		};
		6B126F95906AD24C27DBB7E3 /* [CP] Embed Pods Frameworks */ = {
			isa = PBXShellScriptBuildPhase;
			buildActionMask = 2147483647;
			files = (
			);
			inputFileListPaths = (
				"${PODS_ROOT}/Target Support Files/Pods-ArticlePortfolioApp/Pods-ArticlePortfolioApp-frameworks-${CONFIGURATION}-input-files.xcfilelist",
			);
			name = "[CP] Embed Pods Frameworks";
			outputFileListPaths = (
				"${PODS_ROOT}/Target Support Files/Pods-ArticlePortfolioApp/Pods-ArticlePortfolioApp-frameworks-${CONFIGURATION}-output-files.xcfilelist",
			);
			runOnlyForDeploymentPostprocessing = 0;
			shellPath = /bin/sh;
			shellScript = "\"${PODS_ROOT}/Target Support Files/Pods-ArticlePortfolioApp/Pods-ArticlePortfolioApp-frameworks.sh\"\n";
			showEnvVarsInLog = 0;
		};
/* End PBXShellScriptBuildPhase section */

/* Begin PBXSourcesBuildPhase section */
		021814562C105A6100F39DB9 /* Sources */ = {
			isa = PBXSourcesBuildPhase;
			buildActionMask = 2147483647;
			files = (
				021814602C105A6100F39DB9 /* ContentView.swift in Sources */,
				0218145E2C105A6100F39DB9 /* ArticlePortfolioAppApp.swift in Sources */,
			);
			runOnlyForDeploymentPostprocessing = 0;
		};
/* End PBXSourcesBuildPhase section */

/* Begin XCBuildConfiguration section */
		021814662C105A6200F39DB9 /* Debug */ = {
			isa = XCBuildConfiguration;
			buildSettings = {
				ALWAYS_SEARCH_USER_PATHS = NO;
				ASSETCATALOG_COMPILER_GENERATE_SWIFT_ASSET_SYMBOL_EXTENSIONS = YES;
				CLANG_ANALYZER_NONNULL = YES;
				CLANG_ANALYZER_NUMBER_OBJECT_CONVERSION = YES_AGGRESSIVE;
				CLANG_CXX_LANGUAGE_STANDARD = "gnu++20";
				CLANG_ENABLE_MODULES = YES;
				CLANG_ENABLE_OBJC_ARC = YES;
				CLANG_ENABLE_OBJC_WEAK = YES;
				CLANG_WARN_BLOCK_CAPTURE_AUTORELEASING = YES;
				CLANG_WARN_BOOL_CONVERSION = YES;
				CLANG_WARN_COMMA = YES;
				CLANG_WARN_CONSTANT_CONVERSION = YES;
				CLANG_WARN_DEPRECATED_OBJC_IMPLEMENTATIONS = YES;
				CLANG_WARN_DIRECT_OBJC_ISA_USAGE = YES_ERROR;
				CLANG_WARN_DOCUMENTATION_COMMENTS = YES;
				CLANG_WARN_EMPTY_BODY = YES;
				CLANG_WARN_ENUM_CONVERSION = YES;
				CLANG_WARN_INFINITE_RECURSION = YES;
				CLANG_WARN_INT_CONVERSION = YES;
				CLANG_WARN_NON_LITERAL_NULL_CONVERSION = YES;
				CLANG_WARN_OBJC_IMPLICIT_RETAIN_SELF = YES;
				CLANG_WARN_OBJC_LITERAL_CONVERSION = YES;
				CLANG_WARN_OBJC_ROOT_CLASS = YES_ERROR;
				CLANG_WARN_QUOTED_INCLUDE_IN_FRAMEWORK_HEADER = YES;
				CLANG_WARN_RANGE_LOOP_ANALYSIS = YES;
				CLANG_WARN_STRICT_PROTOTYPES = YES;
				CLANG_WARN_SUSPICIOUS_MOVE = YES;
				CLANG_WARN_UNGUARDED_AVAILABILITY = YES_AGGRESSIVE;
				CLANG_WARN_UNREACHABLE_CODE = YES;
				CLANG_WARN__DUPLICATE_METHOD_MATCH = YES;
				COPY_PHASE_STRIP = NO;
				DEBUG_INFORMATION_FORMAT = dwarf;
				ENABLE_STRICT_OBJC_MSGSEND = YES;
				ENABLE_TESTABILITY = YES;
				ENABLE_USER_SCRIPT_SANDBOXING = YES;
				GCC_C_LANGUAGE_STANDARD = gnu17;
				GCC_DYNAMIC_NO_PIC = NO;
				GCC_NO_COMMON_BLOCKS = YES;
				GCC_OPTIMIZATION_LEVEL = 0;
				GCC_PREPROCESSOR_DEFINITIONS = (
					"DEBUG=1",
					"$(inherited)",
				);
				GCC_WARN_64_TO_32_BIT_CONVERSION = YES;
				GCC_WARN_ABOUT_RETURN_TYPE = YES_ERROR;
				GCC_WARN_UNDECLARED_SELECTOR = YES;
				GCC_WARN_UNINITIALIZED_AUTOS = YES_AGGRESSIVE;
				GCC_WARN_UNUSED_FUNCTION = YES;
				GCC_WARN_UNUSED_VARIABLE = YES;
				IPHONEOS_DEPLOYMENT_TARGET = 17.5;
				LOCALIZATION_PREFERS_STRING_CATALOGS = YES;
				MTL_ENABLE_DEBUG_INFO = INCLUDE_SOURCE;
				MTL_FAST_MATH = YES;
				ONLY_ACTIVE_ARCH = YES;
				SDKROOT = iphoneos;
				SWIFT_ACTIVE_COMPILATION_CONDITIONS = "DEBUG $(inherited)";
				SWIFT_OPTIMIZATION_LEVEL = "-Onone";
			};
			name = Debug;
		};
		021814672C105A6200F39DB9 /* Release */ = {
			isa = XCBuildConfiguration;
			buildSettings = {
				ALWAYS_SEARCH_USER_PATHS = NO;
				ASSETCATALOG_COMPILER_GENERATE_SWIFT_ASSET_SYMBOL_EXTENSIONS = YES;
				CLANG_ANALYZER_NONNULL = YES;
				CLANG_ANALYZER_NUMBER_OBJECT_CONVERSION = YES_AGGRESSIVE;
				CLANG_CXX_LANGUAGE_STANDARD = "gnu++20";
				CLANG_ENABLE_MODULES = YES;
				CLANG_ENABLE_OBJC_ARC = YES;
				CLANG_ENABLE_OBJC_WEAK = YES;
				CLANG_WARN_BLOCK_CAPTURE_AUTORELEASING = YES;
				CLANG_WARN_BOOL_CONVERSION = YES;
				CLANG_WARN_COMMA = YES;
				CLANG_WARN_CONSTANT_CONVERSION = YES;
				CLANG_WARN_DEPRECATED_OBJC_IMPLEMENTATIONS = YES;
				CLANG_WARN_DIRECT_OBJC_ISA_USAGE = YES_ERROR;
				CLANG_WARN_DOCUMENTATION_COMMENTS = YES;
				CLANG_WARN_EMPTY_BODY = YES;
				CLANG_WARN_ENUM_CONVERSION = YES;
				CLANG_WARN_INFINITE_RECURSION = YES;
				CLANG_WARN_INT_CONVERSION = YES;
				CLANG_WARN_NON_LITERAL_NULL_CONVERSION = YES;
				CLANG_WARN_OBJC_IMPLICIT_RETAIN_SELF = YES;
				CLANG_WARN_OBJC_LITERAL_CONVERSION = YES;
				CLANG_WARN_OBJC_ROOT_CLASS = YES_ERROR;
				CLANG_WARN_QUOTED_INCLUDE_IN_FRAMEWORK_HEADER = YES;
				CLANG_WARN_RANGE_LOOP_ANALYSIS = YES;
				CLANG_WARN_STRICT_PROTOTYPES = YES;
				CLANG_WARN_SUSPICIOUS_MOVE = YES;
				CLANG_WARN_UNGUARDED_AVAILABILITY = YES_AGGRESSIVE;
				CLANG_WARN_UNREACHABLE_CODE = YES;
				CLANG_WARN__DUPLICATE_METHOD_MATCH = YES;
				COPY_PHASE_STRIP = NO;
				DEBUG_INFORMATION_FORMAT = "dwarf-with-dsym";
				ENABLE_NS_ASSERTIONS = NO;
				ENABLE_STRICT_OBJC_MSGSEND = YES;
				ENABLE_USER_SCRIPT_SANDBOXING = YES;
				GCC_C_LANGUAGE_STANDARD = gnu17;
				GCC_NO_COMMON_BLOCKS = YES;
				GCC_WARN_64_TO_32_BIT_CONVERSION = YES;
				GCC_WARN_ABOUT_RETURN_TYPE = YES_ERROR;
				GCC_WARN_UNDECLARED_SELECTOR = YES;
				GCC_WARN_UNINITIALIZED_AUTOS = YES_AGGRESSIVE;
				GCC_WARN_UNUSED_FUNCTION = YES;
				GCC_WARN_UNUSED_VARIABLE = YES;
				IPHONEOS_DEPLOYMENT_TARGET = 17.5;
				LOCALIZATION_PREFERS_STRING_CATALOGS = YES;
				MTL_ENABLE_DEBUG_INFO = NO;
				MTL_FAST_MATH = YES;
				SDKROOT = iphoneos;
				SWIFT_COMPILATION_MODE = wholemodule;
				VALIDATE_PRODUCT = YES;
			};
			name = Release;
		};
		021814692C105A6200F39DB9 /* Debug */ = {
			isa = XCBuildConfiguration;
			baseConfigurationReference = 62B840B374381A0DAC83CF61 /* Pods-ArticlePortfolioApp.debug.xcconfig */;
			buildSettings = {
				ASSETCATALOG_COMPILER_APPICON_NAME = AppIcon;
				ASSETCATALOG_COMPILER_GLOBAL_ACCENT_COLOR_NAME = AccentColor;
				CODE_SIGN_STYLE = Automatic;
				CURRENT_PROJECT_VERSION = 1;
				DEVELOPMENT_ASSET_PATHS = "\"ArticlePortfolioApp/Preview Content\"";
				DEVELOPMENT_TEAM = 4G76GHV9RM;
				ENABLE_PREVIEWS = YES;
				GENERATE_INFOPLIST_FILE = YES;
				INFOPLIST_KEY_UIApplicationSceneManifest_Generation = YES;
				INFOPLIST_KEY_UIApplicationSupportsIndirectInputEvents = YES;
				INFOPLIST_KEY_UILaunchScreen_Generation = YES;
				INFOPLIST_KEY_UISupportedInterfaceOrientations_iPad = "UIInterfaceOrientationPortrait UIInterfaceOrientationPortraitUpsideDown UIInterfaceOrientationLandscapeLeft UIInterfaceOrientationLandscapeRight";
				INFOPLIST_KEY_UISupportedInterfaceOrientations_iPhone = "UIInterfaceOrientationPortrait UIInterfaceOrientationLandscapeLeft UIInterfaceOrientationLandscapeRight";
				LD_RUNPATH_SEARCH_PATHS = (
					"$(inherited)",
					"@executable_path/Frameworks",
				);
				MARKETING_VERSION = 1.0;
				PRODUCT_BUNDLE_IDENTIFIER = com.leopoldromanowski.ArticlePortfolioApp;
				PRODUCT_NAME = "$(TARGET_NAME)";
				SWIFT_EMIT_LOC_STRINGS = YES;
				SWIFT_VERSION = 5.0;
				TARGETED_DEVICE_FAMILY = "1,2";
			};
			name = Debug;
		};
		0218146A2C105A6200F39DB9 /* Release */ = {
			isa = XCBuildConfiguration;
			baseConfigurationReference = 1F4182F6C312A34706A64FD0 /* Pods-ArticlePortfolioApp.release.xcconfig */;
			buildSettings = {
				ASSETCATALOG_COMPILER_APPICON_NAME = AppIcon;
				ASSETCATALOG_COMPILER_GLOBAL_ACCENT_COLOR_NAME = AccentColor;
				CODE_SIGN_STYLE = Automatic;
				CURRENT_PROJECT_VERSION = 1;
				DEVELOPMENT_ASSET_PATHS = "\"ArticlePortfolioApp/Preview Content\"";
				DEVELOPMENT_TEAM = 4G76GHV9RM;
				ENABLE_PREVIEWS = YES;
				GENERATE_INFOPLIST_FILE = YES;
				INFOPLIST_KEY_UIApplicationSceneManifest_Generation = YES;
				INFOPLIST_KEY_UIApplicationSupportsIndirectInputEvents = YES;
				INFOPLIST_KEY_UILaunchScreen_Generation = YES;
				INFOPLIST_KEY_UISupportedInterfaceOrientations_iPad = "UIInterfaceOrientationPortrait UIInterfaceOrientationPortraitUpsideDown UIInterfaceOrientationLandscapeLeft UIInterfaceOrientationLandscapeRight";
				INFOPLIST_KEY_UISupportedInterfaceOrientations_iPhone = "UIInterfaceOrientationPortrait UIInterfaceOrientationLandscapeLeft UIInterfaceOrientationLandscapeRight";
				LD_RUNPATH_SEARCH_PATHS = (
					"$(inherited)",
					"@executable_path/Frameworks",
				);
				MARKETING_VERSION = 1.0;
				PRODUCT_BUNDLE_IDENTIFIER = com.leopoldromanowski.ArticlePortfolioApp;
				PRODUCT_NAME = "$(TARGET_NAME)";
				SWIFT_EMIT_LOC_STRINGS = YES;
				SWIFT_VERSION = 5.0;
				TARGETED_DEVICE_FAMILY = "1,2";
			};
			name = Release;
		};
/* End XCBuildConfiguration section */

/* Begin XCConfigurationList section */
		021814552C105A6100F39DB9 /* Build configuration list for PBXProject "ArticlePortfolioApp" */ = {
			isa = XCConfigurationList;
			buildConfigurations = (
				021814662C105A6200F39DB9 /* Debug */,
				021814672C105A6200F39DB9 /* Release */,
			);
			defaultConfigurationIsVisible = 0;
			defaultConfigurationName = Release;
		};
		021814682C105A6200F39DB9 /* Build configuration list for PBXNativeTarget "ArticlePortfolioApp" */ = {
			isa = XCConfigurationList;
			buildConfigurations = (
				021814692C105A6200F39DB9 /* Debug */,
				0218146A2C105A6200F39DB9 /* Release */,
			);
			defaultConfigurationIsVisible = 0;
			defaultConfigurationName = Release;
		};
/* End XCConfigurationList section */
	};
	rootObject = 021814522C105A6100F39DB9 /* Project object */;
}
